// !$*UTF8*$!
{
	archiveVersion = 1;
	classes = {
	};
	objectVersion = 46;
	objects = {
/* Begin PBXBuildFile section */
		1D3623260D0F684500981E51 /* AppDelegate.m in Sources */ = {isa = PBXBuildFile; fileRef = 1D3623250D0F684500981E51 /* AppDelegate.m */; };
		1D60589B0D05DD56006BFB54 /* main.m in Sources */ = {isa = PBXBuildFile; fileRef = 29B97316FDCFA39411CA2CEA /* main.m */; };
		288765FD0DF74451002DB57D /* CoreGraphics.framework in Frameworks */ = {isa = PBXBuildFile; fileRef = 288765FC0DF74451002DB57D /* CoreGraphics.framework */; };
		301BF552109A68D80062928A /* libCordova.a in Frameworks */ = {isa = PBXBuildFile; fileRef = 301BF535109A57CC0062928A /* libCordova.a */; };
		302D95F114D2391D003F00A1 /* MainViewController.m in Sources */ = {isa = PBXBuildFile; fileRef = 302D95EF14D2391D003F00A1 /* MainViewController.m */; };
		302D95F214D2391D003F00A1 /* MainViewController.xib in Resources */ = {isa = PBXBuildFile; fileRef = 302D95F014D2391D003F00A1 /* MainViewController.xib */; };
		305D5FD1115AB8F900A74A75 /* MobileCoreServices.framework in Frameworks */ = {isa = PBXBuildFile; fileRef = 305D5FD0115AB8F900A74A75 /* MobileCoreServices.framework */; };
		3088BBBD154F3926009F9C59 /* Default-Landscape@2x~ipad.png in Resources */ = {isa = PBXBuildFile; fileRef = 3088BBB7154F3926009F9C59 /* Default-Landscape@2x~ipad.png */; };
		3088BBBE154F3926009F9C59 /* Default-Landscape~ipad.png in Resources */ = {isa = PBXBuildFile; fileRef = 3088BBB8154F3926009F9C59 /* Default-Landscape~ipad.png */; };
		3088BBBF154F3926009F9C59 /* Default-Portrait@2x~ipad.png in Resources */ = {isa = PBXBuildFile; fileRef = 3088BBB9154F3926009F9C59 /* Default-Portrait@2x~ipad.png */; };
		3088BBC0154F3926009F9C59 /* Default-Portrait~ipad.png in Resources */ = {isa = PBXBuildFile; fileRef = 3088BBBA154F3926009F9C59 /* Default-Portrait~ipad.png */; };
		3088BBC1154F3926009F9C59 /* Default@2x~iphone.png in Resources */ = {isa = PBXBuildFile; fileRef = 3088BBBB154F3926009F9C59 /* Default@2x~iphone.png */; };
		3088BBC2154F3926009F9C59 /* Default~iphone.png in Resources */ = {isa = PBXBuildFile; fileRef = 3088BBBC154F3926009F9C59 /* Default~iphone.png */; };
		308D05371370CCF300D202BF /* icon-72.png in Resources */ = {isa = PBXBuildFile; fileRef = 308D052E1370CCF300D202BF /* icon-72.png */; };
		308D05381370CCF300D202BF /* icon.png in Resources */ = {isa = PBXBuildFile; fileRef = 308D052F1370CCF300D202BF /* icon.png */; };
		308D05391370CCF300D202BF /* icon@2x.png in Resources */ = {isa = PBXBuildFile; fileRef = 308D05301370CCF300D202BF /* icon@2x.png */; };
		30B4F30019D5E07200D9F7D8 /* Default-667h.png in Resources */ = {isa = PBXBuildFile; fileRef = 30B4F2FD19D5E07200D9F7D8 /* Default-667h.png */; };
		30B4F30119D5E07200D9F7D8 /* Default-736h.png in Resources */ = {isa = PBXBuildFile; fileRef = 30B4F2FE19D5E07200D9F7D8 /* Default-736h.png */; };
		30B4F30219D5E07200D9F7D8 /* Default-Landscape-736h.png in Resources */ = {isa = PBXBuildFile; fileRef = 30B4F2FF19D5E07200D9F7D8 /* Default-Landscape-736h.png */; };
		30C1856619D5FC0A00212699 /* icon-60@3x.png in Resources */ = {isa = PBXBuildFile; fileRef = 30C1856519D5FC0A00212699 /* icon-60@3x.png */; };
		30FC414916E50CA1004E6F35 /* icon-72@2x.png in Resources */ = {isa = PBXBuildFile; fileRef = 30FC414816E50CA1004E6F35 /* icon-72@2x.png */; };
		5B1594DD16A7569C00FEF299 /* AssetsLibrary.framework in Frameworks */ = {isa = PBXBuildFile; fileRef = 5B1594DC16A7569C00FEF299 /* AssetsLibrary.framework */; };
		7E7966DE1810823500FA85AD /* icon-40.png in Resources */ = {isa = PBXBuildFile; fileRef = 7E7966D41810823500FA85AD /* icon-40.png */; };
		7E7966DF1810823500FA85AD /* icon-40@2x.png in Resources */ = {isa = PBXBuildFile; fileRef = 7E7966D51810823500FA85AD /* icon-40@2x.png */; };
		7E7966E01810823500FA85AD /* icon-50.png in Resources */ = {isa = PBXBuildFile; fileRef = 7E7966D61810823500FA85AD /* icon-50.png */; };
		7E7966E11810823500FA85AD /* icon-50@2x.png in Resources */ = {isa = PBXBuildFile; fileRef = 7E7966D71810823500FA85AD /* icon-50@2x.png */; };
		7E7966E21810823500FA85AD /* icon-60.png in Resources */ = {isa = PBXBuildFile; fileRef = 7E7966D81810823500FA85AD /* icon-60.png */; };
		7E7966E31810823500FA85AD /* icon-60@2x.png in Resources */ = {isa = PBXBuildFile; fileRef = 7E7966D91810823500FA85AD /* icon-60@2x.png */; };
		7E7966E41810823500FA85AD /* icon-76.png in Resources */ = {isa = PBXBuildFile; fileRef = 7E7966DA1810823500FA85AD /* icon-76.png */; };
		7E7966E51810823500FA85AD /* icon-76@2x.png in Resources */ = {isa = PBXBuildFile; fileRef = 7E7966DB1810823500FA85AD /* icon-76@2x.png */; };
		7E7966E61810823500FA85AD /* icon-small.png in Resources */ = {isa = PBXBuildFile; fileRef = 7E7966DC1810823500FA85AD /* icon-small.png */; };
		7E7966E71810823500FA85AD /* icon-small@2x.png in Resources */ = {isa = PBXBuildFile; fileRef = 7E7966DD1810823500FA85AD /* icon-small@2x.png */; };
		D4A0D8761607E02300AEF8BB /* Default-568h@2x~iphone.png in Resources */ = {isa = PBXBuildFile; fileRef = D4A0D8751607E02300AEF8BB /* Default-568h@2x~iphone.png */; };
		94C317C9A296464097D6EA58 /* CDVNotification.m in Sources */ = {isa = PBXBuildFile; fileRef = 5B5B9E8DD07745E6ADF50E56 /* CDVNotification.m */; };
		E5519F6A6B4D4A4AA7582050 /* CDVNotification.bundle in Resources */ = {isa = PBXBuildFile; fileRef = 5728A7B76B444656BD63C951 /* CDVNotification.bundle */; };
		D1E601E572BB410E87F56495 /* AudioToolbox.framework in Frameworks */ = {isa = PBXBuildFile; fileRef = 03CE80A40AEA4B5B8DA3B30A /* AudioToolbox.framework */; settings = {ATTRIBUTES = (Weak, ); }; };
		B39A33D79FF34CA191984D68 /* CDVStatusBar.m in Sources */ = {isa = PBXBuildFile; fileRef = 0B20411101B04E0CA31BEC62 /* CDVStatusBar.m */; };
		E80CECC3D47C43ADBD7B736D /* SitewaertsDocumentViewer.m in Sources */ = {isa = PBXBuildFile; fileRef = C4E3A6B376354EF4AFB6D82E /* SitewaertsDocumentViewer.m */; };
		743191789C2C48568BD55143 /* CGPDFDocument.m in Sources */ = {isa = PBXBuildFile; fileRef = 12FF370F835243AC946B4CA7 /* CGPDFDocument.m */; };
		ABFF05DDF84C413394937716 /* ReaderConstants.m in Sources */ = {isa = PBXBuildFile; fileRef = 126251DF897149D4AF83BF1A /* ReaderConstants.m */; };
		D69090B95575498E9466E4DF /* ReaderContentPage.m in Sources */ = {isa = PBXBuildFile; fileRef = B451B38A8C604355A9E41C71 /* ReaderContentPage.m */; };
		ED9A16405F4545BFB1B230FB /* ReaderContentTile.m in Sources */ = {isa = PBXBuildFile; fileRef = 77C3CF77D6D6494C93991988 /* ReaderContentTile.m */; };
		9840DC92C2A1452DA828CA6A /* ReaderContentView.m in Sources */ = {isa = PBXBuildFile; fileRef = 311E6B5219DB44A088A2760A /* ReaderContentView.m */; };
		7FC5191404BA4B249FAF0A37 /* ReaderDocument.m in Sources */ = {isa = PBXBuildFile; fileRef = C9CA9CFB5E7F4E3995487407 /* ReaderDocument.m */; };
		4354F7AAAAFF4BB49216294F /* ReaderDocumentOutline.m in Sources */ = {isa = PBXBuildFile; fileRef = A4FC479AF81F4C929C55D25B /* ReaderDocumentOutline.m */; };
		F3AC1F93C9A44ABB80A6FE75 /* ReaderMainPagebar.m in Sources */ = {isa = PBXBuildFile; fileRef = B235C43FA4A6481FB6D17745 /* ReaderMainPagebar.m */; };
		CDCA3935BE87486891219964 /* ReaderMainToolbar.m in Sources */ = {isa = PBXBuildFile; fileRef = D917638307AD4FE7B2CEEE0E /* ReaderMainToolbar.m */; };
		5DADC990C93B4BCE904AF912 /* ReaderMainToolbar+SDVReaderMainToolbarPassThrough.m in Sources */ = {isa = PBXBuildFile; fileRef = 552B6C4649784D5EB04690B4 /* ReaderMainToolbar+SDVReaderMainToolbarPassThrough.m */; };
		95070AF2EE0D43D88423B55A /* ReaderThumbCache.m in Sources */ = {isa = PBXBuildFile; fileRef = 9F8B05F0D47049D3A6B5E9CD /* ReaderThumbCache.m */; };
		E0D4D71ED0924882A70C2720 /* ReaderThumbFetch.m in Sources */ = {isa = PBXBuildFile; fileRef = D7F673D5C9654BC58881EA16 /* ReaderThumbFetch.m */; };
		2E2446E7985D44B3996E827C /* ReaderThumbQueue.m in Sources */ = {isa = PBXBuildFile; fileRef = BA48FA5362124D9D942A40E0 /* ReaderThumbQueue.m */; };
		F19F65A17C594448B3B65EF7 /* ReaderThumbRender.m in Sources */ = {isa = PBXBuildFile; fileRef = 077C213A3908482EBE34BC11 /* ReaderThumbRender.m */; };
		C0182869874541DAB2DCD490 /* ReaderThumbRequest.m in Sources */ = {isa = PBXBuildFile; fileRef = 62C36C6CA2554629A74544DB /* ReaderThumbRequest.m */; };
		492BC73BCFD442BB882CD0E4 /* ReaderThumbsView.m in Sources */ = {isa = PBXBuildFile; fileRef = 0D106D4E8FD34B518930B10A /* ReaderThumbsView.m */; };
		AB15B05B2D3341B3AEF264E7 /* ReaderThumbView.m in Sources */ = {isa = PBXBuildFile; fileRef = 8D2DDA547F6E453692E43E6B /* ReaderThumbView.m */; };
		68B68CE5507648A8927EC771 /* ReaderViewController.m in Sources */ = {isa = PBXBuildFile; fileRef = AAD928C77B8440E3B49B8D7E /* ReaderViewController.m */; };
		849275279C3D476BA9459478 /* ReaderViewController+SDVReaderViewControllerPassThrough.m in Sources */ = {isa = PBXBuildFile; fileRef = 7AC7F5792E8945B98C067E8D /* ReaderViewController+SDVReaderViewControllerPassThrough.m */; };
		27BE8CB7781C4A8D930390A3 /* SDVReaderContentViewDoublePage.m in Sources */ = {isa = PBXBuildFile; fileRef = 86B8CC31D49F47288384C0B1 /* SDVReaderContentViewDoublePage.m */; };
		8BC1F45EFF344C38B343E639 /* SDVReaderMainPagebar.m in Sources */ = {isa = PBXBuildFile; fileRef = D7A6C630F9D84356B0C777D1 /* SDVReaderMainPagebar.m */; };
		42B7268C527E4A659D3D3E98 /* SDVReaderMainToolbar.m in Sources */ = {isa = PBXBuildFile; fileRef = BC46E99788EA4A3F948CC02D /* SDVReaderMainToolbar.m */; };
		733DC6E3C4FB4B419C6F1F4C /* SDVReaderViewController.m in Sources */ = {isa = PBXBuildFile; fileRef = 81827DAE27204BADBE70F9FD /* SDVReaderViewController.m */; };
		B2E7E1D1C2B84B1691F44C9E /* SDVThumbsMainToolbar.m in Sources */ = {isa = PBXBuildFile; fileRef = 3C0B48A64A7143E9B8E988B3 /* SDVThumbsMainToolbar.m */; };
		A7D494324DCC409DAB2256DC /* SDVThumbsViewController.m in Sources */ = {isa = PBXBuildFile; fileRef = F4C8BAB77936426395C1FB05 /* SDVThumbsViewController.m */; };
		89BF0DDC11214B6CA4683968 /* ThumbsMainToolbar.m in Sources */ = {isa = PBXBuildFile; fileRef = 340367813BF44181B84384B2 /* ThumbsMainToolbar.m */; };
		B824D4C6201A46C3A3749379 /* ThumbsMainToolbar+SDVThumbsMainToolbarPassThrough.m in Sources */ = {isa = PBXBuildFile; fileRef = 51DA422AB2D2444FB6335064 /* ThumbsMainToolbar+SDVThumbsMainToolbarPassThrough.m */; };
		2D5100C2B6254C8588AB14C9 /* ThumbsViewController.m in Sources */ = {isa = PBXBuildFile; fileRef = D8A50E1D4D4B40B1B2126765 /* ThumbsViewController.m */; };
		AA8389862DF54DD19970E38B /* ThumbsViewController+SDVThumbsViewControllerPassThrough.m in Sources */ = {isa = PBXBuildFile; fileRef = 243499AD2CA84AEE95C7A912 /* ThumbsViewController+SDVThumbsViewControllerPassThrough.m */; };
		B0FDD84D3D3F476A922319A3 /* UIXToolbarView.m in Sources */ = {isa = PBXBuildFile; fileRef = 27EBD24791E742988BFDC9CC /* UIXToolbarView.m */; };
		2114480FAD704C01A924A69B /* AppIcon-057.png in Resources */ = {isa = PBXBuildFile; fileRef = 353E33057E7540A9B60D2ECB /* AppIcon-057.png */; };
		A40E60D23398473E81C00B88 /* AppIcon-072.png in Resources */ = {isa = PBXBuildFile; fileRef = B374F75B74F440D8BA3E5B9F /* AppIcon-072.png */; };
		A7ECF9633CA141CDA85F4455 /* AppIcon-076.png in Resources */ = {isa = PBXBuildFile; fileRef = 7305A811D3A140A8A29E356C /* AppIcon-076.png */; };
		44E8E4AF281D478B8A23BFA6 /* AppIcon-114.png in Resources */ = {isa = PBXBuildFile; fileRef = 8DB19B3077924FFAA0C25CB5 /* AppIcon-114.png */; };
		F7F1CE7B79FA411187214214 /* AppIcon-120.png in Resources */ = {isa = PBXBuildFile; fileRef = 70E31DFC866D4CB98F4F55E6 /* AppIcon-120.png */; };
		7E8673BCA9C84E658EDA6FC6 /* AppIcon-144.png in Resources */ = {isa = PBXBuildFile; fileRef = E55702BC654A43C19622E9F8 /* AppIcon-144.png */; };
		069E310814BF4585A56BFCB5 /* AppIcon-152.png in Resources */ = {isa = PBXBuildFile; fileRef = 7C36F2BC627A48C787158BA3 /* AppIcon-152.png */; };
		2B16875D09FE476CA6A86A9B /* AppIcon-180.png in Resources */ = {isa = PBXBuildFile; fileRef = D9354B637FDE459BAF847B43 /* AppIcon-180.png */; };
		CF73B9CD1BE84891B84C2978 /* Default-568h@2x.png in Resources */ = {isa = PBXBuildFile; fileRef = 7199C6EC3BEC421AB8553361 /* Default-568h@2x.png */; };
		9ABE24C6FD3B4FB3910DE662 /* Reader-Button-H.png in Resources */ = {isa = PBXBuildFile; fileRef = BF30906417484EC0A0FD9E7E /* Reader-Button-H.png */; };
		43945B5635844CBD99D31B53 /* Reader-Button-H@2x.png in Resources */ = {isa = PBXBuildFile; fileRef = D4DAEBB34D964EF4B76335C5 /* Reader-Button-H@2x.png */; };
		4A30B9DAB5EB490EAB34F49F /* Reader-Button-N.png in Resources */ = {isa = PBXBuildFile; fileRef = E0C481EA3DCA43AF8D982353 /* Reader-Button-N.png */; };
		B9D63AD291ED42E2927C97D1 /* Reader-Button-N@2x.png in Resources */ = {isa = PBXBuildFile; fileRef = E096ECA485164006999E6A0B /* Reader-Button-N@2x.png */; };
		DA35D9E380314CAC863BD143 /* Reader-Email.png in Resources */ = {isa = PBXBuildFile; fileRef = C5AC3AA654CB4159BC68D406 /* Reader-Email.png */; };
		849F4382989442CBBCC99CAF /* Reader-Email@2x.png in Resources */ = {isa = PBXBuildFile; fileRef = 75B38F002BDD4A2CA7FFA9B7 /* Reader-Email@2x.png */; };
		9BCE8C1ACDE24AFF898C0368 /* Reader-Export.png in Resources */ = {isa = PBXBuildFile; fileRef = 19A096A110AA41A5A71AE0A6 /* Reader-Export.png */; };
		8144B589DFD441678F6C475F /* Reader-Export@2x.png in Resources */ = {isa = PBXBuildFile; fileRef = CBF3140BA3574ACAA4412E8E /* Reader-Export@2x.png */; };
		08D6A23D36DF47BF880E8E44 /* Reader-Mark-N.png in Resources */ = {isa = PBXBuildFile; fileRef = 66059562CF814E719F07B2FB /* Reader-Mark-N.png */; };
		B4BD74079741432599FE10A1 /* Reader-Mark-N@2x.png in Resources */ = {isa = PBXBuildFile; fileRef = 413579576FB04A3E98A0F228 /* Reader-Mark-N@2x.png */; };
		60C327643E3A4CC1A902120C /* Reader-Mark-Y.png in Resources */ = {isa = PBXBuildFile; fileRef = 90DAE3227C3E460A98FCB801 /* Reader-Mark-Y.png */; };
		88EBA959DF2141F5834281BF /* Reader-Mark-Y@2x.png in Resources */ = {isa = PBXBuildFile; fileRef = C99E9C3B48B44D9A81D7D59A /* Reader-Mark-Y@2x.png */; };
		83CD6CE78CF3421F813D4435 /* Reader-Print.png in Resources */ = {isa = PBXBuildFile; fileRef = 0E432D694D174BACBC3AC95E /* Reader-Print.png */; };
		F397E13E6D8240A6AC4E26D9 /* Reader-Print@2x.png in Resources */ = {isa = PBXBuildFile; fileRef = 577A0D09952244FE97528362 /* Reader-Print@2x.png */; };
		BC8362F74C0342D3A38431AE /* Reader-Thumbs.png in Resources */ = {isa = PBXBuildFile; fileRef = 459D1820D5394238B7A1B05E /* Reader-Thumbs.png */; };
		43793D1BC4A749C4A94601B9 /* Reader-Thumbs@2x.png in Resources */ = {isa = PBXBuildFile; fileRef = 8B6558E6FC764651A247110D /* Reader-Thumbs@2x.png */; };
		AB5FA1E119C5449B83669DCE /* SDVReader-CoverPage.png in Resources */ = {isa = PBXBuildFile; fileRef = 644A7DD8692C4DE29BFA1C45 /* SDVReader-CoverPage.png */; };
		224ED4A3448A461B8E86459C /* SDVReader-CoverPage@2x.png in Resources */ = {isa = PBXBuildFile; fileRef = A3C63F40B32B41B8ADB6B085 /* SDVReader-CoverPage@2x.png */; };
		1A214031755E4FB6B48AF7D1 /* SDVReader-DoublePage.png in Resources */ = {isa = PBXBuildFile; fileRef = A4583F8593A84346BD552CFA /* SDVReader-DoublePage.png */; };
		12BED45176F84953B924F870 /* SDVReader-DoublePage@2x.png in Resources */ = {isa = PBXBuildFile; fileRef = 6435C03FD49C45E385455D9F /* SDVReader-DoublePage@2x.png */; };
		9B1EB766F8F94662B4F27419 /* SDVReader-Outline.png in Resources */ = {isa = PBXBuildFile; fileRef = 184BA08B916E4DDDAA52AEFE /* SDVReader-Outline.png */; };
		DF39ACE3D0DF41FBBEB9F0C2 /* SDVReader-Outline@2x.png in Resources */ = {isa = PBXBuildFile; fileRef = 5F3F010160A943878B5A720A /* SDVReader-Outline@2x.png */; };
		87E212C7D24A475F98C30C10 /* SDVReader-SinglePage.png in Resources */ = {isa = PBXBuildFile; fileRef = BFBE67C7F70D47839533A161 /* SDVReader-SinglePage.png */; };
		8C3A3CDDE3434C8A9A2B88B7 /* SDVReader-SinglePage@2x.png in Resources */ = {isa = PBXBuildFile; fileRef = 8810516362164EBB8E28ECFB /* SDVReader-SinglePage@2x.png */; };
		7AAA142B022347B5BAB7FCB1 /* UIKit.framework in Frameworks */ = {isa = PBXBuildFile; fileRef = A0E9E7EFE36F4A78BB446F33 /* UIKit.framework */; };
		D5021E11FF7E4DA0BE46B2C8 /* Foundation.framework in Frameworks */ = {isa = PBXBuildFile; fileRef = 3642D95E36ED491CA8F6905E /* Foundation.framework */; };
		9934046B68784E2D85FAB90A /* QuartzCore.framework in Frameworks */ = {isa = PBXBuildFile; fileRef = 5EB308FBE6414E23A0523AEB /* QuartzCore.framework */; };
		FDC83D41B0124B7183018DCF /* ImageIO.framework in Frameworks */ = {isa = PBXBuildFile; fileRef = E38E35778AB14A6CA9037559 /* ImageIO.framework */; };
		7A5C69B5B541439DB71B1BE9 /* MessageUI.framework in Frameworks */ = {isa = PBXBuildFile; fileRef = C10B55078CBF4688BC1C2E4B /* MessageUI.framework */; };
/* End PBXBuildFile section */

/* Begin PBXContainerItemProxy section */
		301BF534109A57CC0062928A /* PBXContainerItemProxy */ = {
			isa = PBXContainerItemProxy;
			containerPortal = 301BF52D109A57CC0062928A /* CordovaLib.xcodeproj */;
			proxyType = 2;
			remoteGlobalIDString = D2AAC07E0554694100DB518D;
			remoteInfo = CordovaLib;
		};
		301BF550109A68C00062928A /* PBXContainerItemProxy */ = {
			isa = PBXContainerItemProxy;
			containerPortal = 301BF52D109A57CC0062928A /* CordovaLib.xcodeproj */;
			proxyType = 1;
			remoteGlobalIDString = D2AAC07D0554694100DB518D;
			remoteInfo = CordovaLib;
		};
/* End PBXContainerItemProxy section */

/* Begin PBXFileReference section */
		1D3623240D0F684500981E51 /* AppDelegate.h */ = {isa = PBXFileReference; fileEncoding = 4; lastKnownFileType = sourcecode.c.h; path = AppDelegate.h; sourceTree = "<group>"; };
		1D3623250D0F684500981E51 /* AppDelegate.m */ = {isa = PBXFileReference; fileEncoding = 4; lastKnownFileType = sourcecode.c.objc; path = AppDelegate.m; sourceTree = "<group>"; };
		1D6058910D05DD3D006BFB54 /* DoubleBass.app */ = {isa = PBXFileReference; explicitFileType = wrapper.application; includeInIndex = 0; path = "DoubleBass.app"; sourceTree = BUILT_PRODUCTS_DIR; };
		1F766FDD13BBADB100FB74C0 /* en */ = {isa = PBXFileReference; lastKnownFileType = text.plist.strings; name = en; path = Localizable.strings; sourceTree = "<group>"; };
		1F766FE013BBADB100FB74C0 /* es */ = {isa = PBXFileReference; lastKnownFileType = text.plist.strings; name = es; path = Localizable.strings; sourceTree = "<group>"; };
		288765FC0DF74451002DB57D /* CoreGraphics.framework */ = {isa = PBXFileReference; lastKnownFileType = wrapper.framework; name = CoreGraphics.framework; path = System/Library/Frameworks/CoreGraphics.framework; sourceTree = SDKROOT; };
		29B97316FDCFA39411CA2CEA /* main.m */ = {isa = PBXFileReference; fileEncoding = 4; lastKnownFileType = sourcecode.c.objc; path = main.m; sourceTree = "<group>"; };
		301BF52D109A57CC0062928A /* CordovaLib.xcodeproj */ = {isa = PBXFileReference; lastKnownFileType = "wrapper.pb-project"; name = CordovaLib.xcodeproj; path = CordovaLib/CordovaLib.xcodeproj; sourceTree = "<group>"; };
		301BF56E109A69640062928A /* www */ = {isa = PBXFileReference; lastKnownFileType = folder; path = www; sourceTree = SOURCE_ROOT; };
		302D95EE14D2391D003F00A1 /* MainViewController.h */ = {isa = PBXFileReference; fileEncoding = 4; lastKnownFileType = sourcecode.c.h; path = MainViewController.h; sourceTree = "<group>"; };
		302D95EF14D2391D003F00A1 /* MainViewController.m */ = {isa = PBXFileReference; fileEncoding = 4; lastKnownFileType = sourcecode.c.objc; path = MainViewController.m; sourceTree = "<group>"; };
		302D95F014D2391D003F00A1 /* MainViewController.xib */ = {isa = PBXFileReference; fileEncoding = 4; lastKnownFileType = file.xib; path = MainViewController.xib; sourceTree = "<group>"; };
		305D5FD0115AB8F900A74A75 /* MobileCoreServices.framework */ = {isa = PBXFileReference; lastKnownFileType = wrapper.framework; name = MobileCoreServices.framework; path = System/Library/Frameworks/MobileCoreServices.framework; sourceTree = SDKROOT; };
		3088BBB7154F3926009F9C59 /* Default-Landscape@2x~ipad.png */ = {isa = PBXFileReference; lastKnownFileType = image.png; path = "Default-Landscape@2x~ipad.png"; sourceTree = "<group>"; };
		3088BBB8154F3926009F9C59 /* Default-Landscape~ipad.png */ = {isa = PBXFileReference; lastKnownFileType = image.png; path = "Default-Landscape~ipad.png"; sourceTree = "<group>"; };
		3088BBB9154F3926009F9C59 /* Default-Portrait@2x~ipad.png */ = {isa = PBXFileReference; lastKnownFileType = image.png; path = "Default-Portrait@2x~ipad.png"; sourceTree = "<group>"; };
		3088BBBA154F3926009F9C59 /* Default-Portrait~ipad.png */ = {isa = PBXFileReference; lastKnownFileType = image.png; path = "Default-Portrait~ipad.png"; sourceTree = "<group>"; };
		3088BBBB154F3926009F9C59 /* Default@2x~iphone.png */ = {isa = PBXFileReference; lastKnownFileType = image.png; path = "Default@2x~iphone.png"; sourceTree = "<group>"; };
		3088BBBC154F3926009F9C59 /* Default~iphone.png */ = {isa = PBXFileReference; lastKnownFileType = image.png; path = "Default~iphone.png"; sourceTree = "<group>"; };
		308D052E1370CCF300D202BF /* icon-72.png */ = {isa = PBXFileReference; lastKnownFileType = image.png; path = "icon-72.png"; sourceTree = "<group>"; };
		308D052F1370CCF300D202BF /* icon.png */ = {isa = PBXFileReference; lastKnownFileType = image.png; path = icon.png; sourceTree = "<group>"; };
		308D05301370CCF300D202BF /* icon@2x.png */ = {isa = PBXFileReference; lastKnownFileType = image.png; path = "icon@2x.png"; sourceTree = "<group>"; };
		30B4F2FD19D5E07200D9F7D8 /* Default-667h.png */ = {isa = PBXFileReference; lastKnownFileType = image.png; path = "Default-667h.png"; sourceTree = "<group>"; };
		30B4F2FE19D5E07200D9F7D8 /* Default-736h.png */ = {isa = PBXFileReference; lastKnownFileType = image.png; path = "Default-736h.png"; sourceTree = "<group>"; };
		30B4F2FF19D5E07200D9F7D8 /* Default-Landscape-736h.png */ = {isa = PBXFileReference; lastKnownFileType = image.png; path = "Default-Landscape-736h.png"; sourceTree = "<group>"; };
		30C1856519D5FC0A00212699 /* icon-60@3x.png */ = {isa = PBXFileReference; lastKnownFileType = image.png; path = "icon-60@3x.png"; sourceTree = "<group>"; };
		30FC414816E50CA1004E6F35 /* icon-72@2x.png */ = {isa = PBXFileReference; lastKnownFileType = image.png; path = "icon-72@2x.png"; sourceTree = "<group>"; };
		32CA4F630368D1EE00C91783 /* DoubleBass-Prefix.pch */ = {isa = PBXFileReference; fileEncoding = 4; lastKnownFileType = sourcecode.c.h; path = "DoubleBass-Prefix.pch"; sourceTree = "<group>"; };
		5B1594DC16A7569C00FEF299 /* AssetsLibrary.framework */ = {isa = PBXFileReference; lastKnownFileType = wrapper.framework; name = AssetsLibrary.framework; path = System/Library/Frameworks/AssetsLibrary.framework; sourceTree = SDKROOT; };
		7E7966D41810823500FA85AD /* icon-40.png */ = {isa = PBXFileReference; lastKnownFileType = image.png; path = "icon-40.png"; sourceTree = "<group>"; };
		7E7966D51810823500FA85AD /* icon-40@2x.png */ = {isa = PBXFileReference; lastKnownFileType = image.png; path = "icon-40@2x.png"; sourceTree = "<group>"; };
		7E7966D61810823500FA85AD /* icon-50.png */ = {isa = PBXFileReference; lastKnownFileType = image.png; path = "icon-50.png"; sourceTree = "<group>"; };
		7E7966D71810823500FA85AD /* icon-50@2x.png */ = {isa = PBXFileReference; lastKnownFileType = image.png; path = "icon-50@2x.png"; sourceTree = "<group>"; };
		7E7966D81810823500FA85AD /* icon-60.png */ = {isa = PBXFileReference; lastKnownFileType = image.png; path = "icon-60.png"; sourceTree = "<group>"; };
		7E7966D91810823500FA85AD /* icon-60@2x.png */ = {isa = PBXFileReference; lastKnownFileType = image.png; path = "icon-60@2x.png"; sourceTree = "<group>"; };
		7E7966DA1810823500FA85AD /* icon-76.png */ = {isa = PBXFileReference; lastKnownFileType = image.png; path = "icon-76.png"; sourceTree = "<group>"; };
		7E7966DB1810823500FA85AD /* icon-76@2x.png */ = {isa = PBXFileReference; lastKnownFileType = image.png; path = "icon-76@2x.png"; sourceTree = "<group>"; };
		7E7966DC1810823500FA85AD /* icon-small.png */ = {isa = PBXFileReference; lastKnownFileType = image.png; path = "icon-small.png"; sourceTree = "<group>"; };
		7E7966DD1810823500FA85AD /* icon-small@2x.png */ = {isa = PBXFileReference; lastKnownFileType = image.png; path = "icon-small@2x.png"; sourceTree = "<group>"; };
		8D1107310486CEB800E47090 /* DoubleBass-Info.plist */ = {isa = PBXFileReference; fileEncoding = 4; lastKnownFileType = text.plist.xml; name = "DoubleBass-Info.plist"; path = "../DoubleBass-Info.plist"; plistStructureDefinitionIdentifier = "com.apple.xcode.plist.structure-definition.iphone.info-plist"; sourceTree = "<group>"; };
		D4A0D8751607E02300AEF8BB /* Default-568h@2x~iphone.png */ = {isa = PBXFileReference; lastKnownFileType = image.png; path = "Default-568h@2x~iphone.png"; sourceTree = "<group>"; };
		EB87FDF21871DA7A0020F90C /* merges */ = {isa = PBXFileReference; lastKnownFileType = folder; name = merges; path = ../../merges; sourceTree = "<group>"; };
		EB87FDF31871DA8E0020F90C /* www */ = {isa = PBXFileReference; lastKnownFileType = folder; name = www; path = ../../www; sourceTree = "<group>"; };
		EB87FDF41871DAF40020F90C /* config.xml */ = {isa = PBXFileReference; lastKnownFileType = text.xml; name = config.xml; path = ../../config.xml; sourceTree = "<group>"; };
		F840E1F0165FE0F500CFE078 /* config.xml */ = {isa = PBXFileReference; lastKnownFileType = text.xml; name = config.xml; path = "DoubleBass/config.xml"; sourceTree = "<group>"; };
		5B5B9E8DD07745E6ADF50E56 /* CDVNotification.m */ = {isa = PBXFileReference; lastKnownFileType = sourcecode.c.objc; name = "CDVNotification.m"; path = "org.apache.cordova.dialogs/CDVNotification.m"; sourceTree = "<group>"; fileEncoding = 4; };
		BBBF3546FB4B4288B01B02D4 /* CDVNotification.h */ = {isa = PBXFileReference; lastKnownFileType = sourcecode.c.h; name = "CDVNotification.h"; path = "org.apache.cordova.dialogs/CDVNotification.h"; sourceTree = "<group>"; fileEncoding = 4; };
		5728A7B76B444656BD63C951 /* CDVNotification.bundle */ = {isa = PBXFileReference; lastKnownFileType = "wrapper.plug-in"; name = "CDVNotification.bundle"; path = "Resources\CDVNotification.bundle"; sourceTree = "<group>"; };
		03CE80A40AEA4B5B8DA3B30A /* AudioToolbox.framework */ = {isa = PBXFileReference; lastKnownFileType = wrapper.framework; name = "AudioToolbox.framework"; path = "System/Library/Frameworks/AudioToolbox.framework"; sourceTree = SDKROOT; fileEncoding = 4; };
		0B20411101B04E0CA31BEC62 /* CDVStatusBar.m */ = {isa = PBXFileReference; lastKnownFileType = sourcecode.c.objc; name = "CDVStatusBar.m"; path = "org.apache.cordova.statusbar/CDVStatusBar.m"; sourceTree = "<group>"; fileEncoding = 4; };
		D2F7D3A30FC24F6888F6C3E6 /* CDVStatusBar.h */ = {isa = PBXFileReference; lastKnownFileType = sourcecode.c.h; name = "CDVStatusBar.h"; path = "org.apache.cordova.statusbar/CDVStatusBar.h"; sourceTree = "<group>"; fileEncoding = 4; };
		C4E3A6B376354EF4AFB6D82E /* SitewaertsDocumentViewer.m */ = {isa = PBXFileReference; lastKnownFileType = sourcecode.c.objc; name = "SitewaertsDocumentViewer.m"; path = "de.sitewaerts.cordova.documentviewer/SitewaertsDocumentViewer.m"; sourceTree = "<group>"; fileEncoding = 4; };
		12FF370F835243AC946B4CA7 /* CGPDFDocument.m */ = {isa = PBXFileReference; lastKnownFileType = sourcecode.c.objc; name = "CGPDFDocument.m"; path = "de.sitewaerts.cordova.documentviewer/CGPDFDocument.m"; sourceTree = "<group>"; fileEncoding = 4; };
		126251DF897149D4AF83BF1A /* ReaderConstants.m */ = {isa = PBXFileReference; lastKnownFileType = sourcecode.c.objc; name = "ReaderConstants.m"; path = "de.sitewaerts.cordova.documentviewer/ReaderConstants.m"; sourceTree = "<group>"; fileEncoding = 4; };
		B451B38A8C604355A9E41C71 /* ReaderContentPage.m */ = {isa = PBXFileReference; lastKnownFileType = sourcecode.c.objc; name = "ReaderContentPage.m"; path = "de.sitewaerts.cordova.documentviewer/ReaderContentPage.m"; sourceTree = "<group>"; fileEncoding = 4; };
		77C3CF77D6D6494C93991988 /* ReaderContentTile.m */ = {isa = PBXFileReference; lastKnownFileType = sourcecode.c.objc; name = "ReaderContentTile.m"; path = "de.sitewaerts.cordova.documentviewer/ReaderContentTile.m"; sourceTree = "<group>"; fileEncoding = 4; };
		311E6B5219DB44A088A2760A /* ReaderContentView.m */ = {isa = PBXFileReference; lastKnownFileType = sourcecode.c.objc; name = "ReaderContentView.m"; path = "de.sitewaerts.cordova.documentviewer/ReaderContentView.m"; sourceTree = "<group>"; fileEncoding = 4; };
		C9CA9CFB5E7F4E3995487407 /* ReaderDocument.m */ = {isa = PBXFileReference; lastKnownFileType = sourcecode.c.objc; name = "ReaderDocument.m"; path = "de.sitewaerts.cordova.documentviewer/ReaderDocument.m"; sourceTree = "<group>"; fileEncoding = 4; };
		A4FC479AF81F4C929C55D25B /* ReaderDocumentOutline.m */ = {isa = PBXFileReference; lastKnownFileType = sourcecode.c.objc; name = "ReaderDocumentOutline.m"; path = "de.sitewaerts.cordova.documentviewer/ReaderDocumentOutline.m"; sourceTree = "<group>"; fileEncoding = 4; };
		B235C43FA4A6481FB6D17745 /* ReaderMainPagebar.m */ = {isa = PBXFileReference; lastKnownFileType = sourcecode.c.objc; name = "ReaderMainPagebar.m"; path = "de.sitewaerts.cordova.documentviewer/ReaderMainPagebar.m"; sourceTree = "<group>"; fileEncoding = 4; };
		D917638307AD4FE7B2CEEE0E /* ReaderMainToolbar.m */ = {isa = PBXFileReference; lastKnownFileType = sourcecode.c.objc; name = "ReaderMainToolbar.m"; path = "de.sitewaerts.cordova.documentviewer/ReaderMainToolbar.m"; sourceTree = "<group>"; fileEncoding = 4; };
		552B6C4649784D5EB04690B4 /* ReaderMainToolbar+SDVReaderMainToolbarPassThrough.m */ = {isa = PBXFileReference; lastKnownFileType = sourcecode.c.objc; name = "ReaderMainToolbar+SDVReaderMainToolbarPassThrough.m"; path = "de.sitewaerts.cordova.documentviewer/ReaderMainToolbar+SDVReaderMainToolbarPassThrough.m"; sourceTree = "<group>"; fileEncoding = 4; };
		9F8B05F0D47049D3A6B5E9CD /* ReaderThumbCache.m */ = {isa = PBXFileReference; lastKnownFileType = sourcecode.c.objc; name = "ReaderThumbCache.m"; path = "de.sitewaerts.cordova.documentviewer/ReaderThumbCache.m"; sourceTree = "<group>"; fileEncoding = 4; };
		D7F673D5C9654BC58881EA16 /* ReaderThumbFetch.m */ = {isa = PBXFileReference; lastKnownFileType = sourcecode.c.objc; name = "ReaderThumbFetch.m"; path = "de.sitewaerts.cordova.documentviewer/ReaderThumbFetch.m"; sourceTree = "<group>"; fileEncoding = 4; };
		BA48FA5362124D9D942A40E0 /* ReaderThumbQueue.m */ = {isa = PBXFileReference; lastKnownFileType = sourcecode.c.objc; name = "ReaderThumbQueue.m"; path = "de.sitewaerts.cordova.documentviewer/ReaderThumbQueue.m"; sourceTree = "<group>"; fileEncoding = 4; };
		077C213A3908482EBE34BC11 /* ReaderThumbRender.m */ = {isa = PBXFileReference; lastKnownFileType = sourcecode.c.objc; name = "ReaderThumbRender.m"; path = "de.sitewaerts.cordova.documentviewer/ReaderThumbRender.m"; sourceTree = "<group>"; fileEncoding = 4; };
		62C36C6CA2554629A74544DB /* ReaderThumbRequest.m */ = {isa = PBXFileReference; lastKnownFileType = sourcecode.c.objc; name = "ReaderThumbRequest.m"; path = "de.sitewaerts.cordova.documentviewer/ReaderThumbRequest.m"; sourceTree = "<group>"; fileEncoding = 4; };
		0D106D4E8FD34B518930B10A /* ReaderThumbsView.m */ = {isa = PBXFileReference; lastKnownFileType = sourcecode.c.objc; name = "ReaderThumbsView.m"; path = "de.sitewaerts.cordova.documentviewer/ReaderThumbsView.m"; sourceTree = "<group>"; fileEncoding = 4; };
		8D2DDA547F6E453692E43E6B /* ReaderThumbView.m */ = {isa = PBXFileReference; lastKnownFileType = sourcecode.c.objc; name = "ReaderThumbView.m"; path = "de.sitewaerts.cordova.documentviewer/ReaderThumbView.m"; sourceTree = "<group>"; fileEncoding = 4; };
		AAD928C77B8440E3B49B8D7E /* ReaderViewController.m */ = {isa = PBXFileReference; lastKnownFileType = sourcecode.c.objc; name = "ReaderViewController.m"; path = "de.sitewaerts.cordova.documentviewer/ReaderViewController.m"; sourceTree = "<group>"; fileEncoding = 4; };
		7AC7F5792E8945B98C067E8D /* ReaderViewController+SDVReaderViewControllerPassThrough.m */ = {isa = PBXFileReference; lastKnownFileType = sourcecode.c.objc; name = "ReaderViewController+SDVReaderViewControllerPassThrough.m"; path = "de.sitewaerts.cordova.documentviewer/ReaderViewController+SDVReaderViewControllerPassThrough.m"; sourceTree = "<group>"; fileEncoding = 4; };
		86B8CC31D49F47288384C0B1 /* SDVReaderContentViewDoublePage.m */ = {isa = PBXFileReference; lastKnownFileType = sourcecode.c.objc; name = "SDVReaderContentViewDoublePage.m"; path = "de.sitewaerts.cordova.documentviewer/SDVReaderContentViewDoublePage.m"; sourceTree = "<group>"; fileEncoding = 4; };
		D7A6C630F9D84356B0C777D1 /* SDVReaderMainPagebar.m */ = {isa = PBXFileReference; lastKnownFileType = sourcecode.c.objc; name = "SDVReaderMainPagebar.m"; path = "de.sitewaerts.cordova.documentviewer/SDVReaderMainPagebar.m"; sourceTree = "<group>"; fileEncoding = 4; };
		BC46E99788EA4A3F948CC02D /* SDVReaderMainToolbar.m */ = {isa = PBXFileReference; lastKnownFileType = sourcecode.c.objc; name = "SDVReaderMainToolbar.m"; path = "de.sitewaerts.cordova.documentviewer/SDVReaderMainToolbar.m"; sourceTree = "<group>"; fileEncoding = 4; };
		81827DAE27204BADBE70F9FD /* SDVReaderViewController.m */ = {isa = PBXFileReference; lastKnownFileType = sourcecode.c.objc; name = "SDVReaderViewController.m"; path = "de.sitewaerts.cordova.documentviewer/SDVReaderViewController.m"; sourceTree = "<group>"; fileEncoding = 4; };
		3C0B48A64A7143E9B8E988B3 /* SDVThumbsMainToolbar.m */ = {isa = PBXFileReference; lastKnownFileType = sourcecode.c.objc; name = "SDVThumbsMainToolbar.m"; path = "de.sitewaerts.cordova.documentviewer/SDVThumbsMainToolbar.m"; sourceTree = "<group>"; fileEncoding = 4; };
		F4C8BAB77936426395C1FB05 /* SDVThumbsViewController.m */ = {isa = PBXFileReference; lastKnownFileType = sourcecode.c.objc; name = "SDVThumbsViewController.m"; path = "de.sitewaerts.cordova.documentviewer/SDVThumbsViewController.m"; sourceTree = "<group>"; fileEncoding = 4; };
		340367813BF44181B84384B2 /* ThumbsMainToolbar.m */ = {isa = PBXFileReference; lastKnownFileType = sourcecode.c.objc; name = "ThumbsMainToolbar.m"; path = "de.sitewaerts.cordova.documentviewer/ThumbsMainToolbar.m"; sourceTree = "<group>"; fileEncoding = 4; };
		51DA422AB2D2444FB6335064 /* ThumbsMainToolbar+SDVThumbsMainToolbarPassThrough.m */ = {isa = PBXFileReference; lastKnownFileType = sourcecode.c.objc; name = "ThumbsMainToolbar+SDVThumbsMainToolbarPassThrough.m"; path = "de.sitewaerts.cordova.documentviewer/ThumbsMainToolbar+SDVThumbsMainToolbarPassThrough.m"; sourceTree = "<group>"; fileEncoding = 4; };
		D8A50E1D4D4B40B1B2126765 /* ThumbsViewController.m */ = {isa = PBXFileReference; lastKnownFileType = sourcecode.c.objc; name = "ThumbsViewController.m"; path = "de.sitewaerts.cordova.documentviewer/ThumbsViewController.m"; sourceTree = "<group>"; fileEncoding = 4; };
		243499AD2CA84AEE95C7A912 /* ThumbsViewController+SDVThumbsViewControllerPassThrough.m */ = {isa = PBXFileReference; lastKnownFileType = sourcecode.c.objc; name = "ThumbsViewController+SDVThumbsViewControllerPassThrough.m"; path = "de.sitewaerts.cordova.documentviewer/ThumbsViewController+SDVThumbsViewControllerPassThrough.m"; sourceTree = "<group>"; fileEncoding = 4; };
		27EBD24791E742988BFDC9CC /* UIXToolbarView.m */ = {isa = PBXFileReference; lastKnownFileType = sourcecode.c.objc; name = "UIXToolbarView.m"; path = "de.sitewaerts.cordova.documentviewer/UIXToolbarView.m"; sourceTree = "<group>"; fileEncoding = 4; };
		CAC1141CA96849E79178B14D /* SitewaertsDocumentViewer.h */ = {isa = PBXFileReference; lastKnownFileType = sourcecode.c.h; name = "SitewaertsDocumentViewer.h"; path = "de.sitewaerts.cordova.documentviewer/SitewaertsDocumentViewer.h"; sourceTree = "<group>"; fileEncoding = 4; };
		ED51007B44CC42678FF09EE8 /* CGPDFDocument.h */ = {isa = PBXFileReference; lastKnownFileType = sourcecode.c.h; name = "CGPDFDocument.h"; path = "de.sitewaerts.cordova.documentviewer/CGPDFDocument.h"; sourceTree = "<group>"; fileEncoding = 4; };
		6FD37714BF744BD3AD640A6F /* ReaderConstants.h */ = {isa = PBXFileReference; lastKnownFileType = sourcecode.c.h; name = "ReaderConstants.h"; path = "de.sitewaerts.cordova.documentviewer/ReaderConstants.h"; sourceTree = "<group>"; fileEncoding = 4; };
		E261CEC2A7904653A37C09E1 /* ReaderContentPage.h */ = {isa = PBXFileReference; lastKnownFileType = sourcecode.c.h; name = "ReaderContentPage.h"; path = "de.sitewaerts.cordova.documentviewer/ReaderContentPage.h"; sourceTree = "<group>"; fileEncoding = 4; };
		A3933B6CC8DF406EB1FF39BE /* ReaderContentTile.h */ = {isa = PBXFileReference; lastKnownFileType = sourcecode.c.h; name = "ReaderContentTile.h"; path = "de.sitewaerts.cordova.documentviewer/ReaderContentTile.h"; sourceTree = "<group>"; fileEncoding = 4; };
		B45A04324BEE42D788C27CA0 /* ReaderContentView.h */ = {isa = PBXFileReference; lastKnownFileType = sourcecode.c.h; name = "ReaderContentView.h"; path = "de.sitewaerts.cordova.documentviewer/ReaderContentView.h"; sourceTree = "<group>"; fileEncoding = 4; };
		6B0EE09AAE9F4854B597547C /* ReaderDocument.h */ = {isa = PBXFileReference; lastKnownFileType = sourcecode.c.h; name = "ReaderDocument.h"; path = "de.sitewaerts.cordova.documentviewer/ReaderDocument.h"; sourceTree = "<group>"; fileEncoding = 4; };
		2BA41F9E34274E77A1E47161 /* ReaderDocumentOutline.h */ = {isa = PBXFileReference; lastKnownFileType = sourcecode.c.h; name = "ReaderDocumentOutline.h"; path = "de.sitewaerts.cordova.documentviewer/ReaderDocumentOutline.h"; sourceTree = "<group>"; fileEncoding = 4; };
		022661FDD49E4481BD4CC562 /* ReaderMainPagebar.h */ = {isa = PBXFileReference; lastKnownFileType = sourcecode.c.h; name = "ReaderMainPagebar.h"; path = "de.sitewaerts.cordova.documentviewer/ReaderMainPagebar.h"; sourceTree = "<group>"; fileEncoding = 4; };
		2C200CC2A77B4838A1E44565 /* ReaderMainToolbar.h */ = {isa = PBXFileReference; lastKnownFileType = sourcecode.c.h; name = "ReaderMainToolbar.h"; path = "de.sitewaerts.cordova.documentviewer/ReaderMainToolbar.h"; sourceTree = "<group>"; fileEncoding = 4; };
		B7BC566CCF1E4A6890DBCDB9 /* ReaderMainToolbar+SDVReaderMainToolbarPassThrough.h */ = {isa = PBXFileReference; lastKnownFileType = sourcecode.c.h; name = "ReaderMainToolbar+SDVReaderMainToolbarPassThrough.h"; path = "de.sitewaerts.cordova.documentviewer/ReaderMainToolbar+SDVReaderMainToolbarPassThrough.h"; sourceTree = "<group>"; fileEncoding = 4; };
		7C662917F13C4165A85E26EF /* ReaderThumbCache.h */ = {isa = PBXFileReference; lastKnownFileType = sourcecode.c.h; name = "ReaderThumbCache.h"; path = "de.sitewaerts.cordova.documentviewer/ReaderThumbCache.h"; sourceTree = "<group>"; fileEncoding = 4; };
		5C73E22B75B94052ABE02221 /* ReaderThumbFetch.h */ = {isa = PBXFileReference; lastKnownFileType = sourcecode.c.h; name = "ReaderThumbFetch.h"; path = "de.sitewaerts.cordova.documentviewer/ReaderThumbFetch.h"; sourceTree = "<group>"; fileEncoding = 4; };
		180DABD24AD446839CA2FBB3 /* ReaderThumbQueue.h */ = {isa = PBXFileReference; lastKnownFileType = sourcecode.c.h; name = "ReaderThumbQueue.h"; path = "de.sitewaerts.cordova.documentviewer/ReaderThumbQueue.h"; sourceTree = "<group>"; fileEncoding = 4; };
		1EE49979B40A4AACACF3B1E5 /* ReaderThumbRender.h */ = {isa = PBXFileReference; lastKnownFileType = sourcecode.c.h; name = "ReaderThumbRender.h"; path = "de.sitewaerts.cordova.documentviewer/ReaderThumbRender.h"; sourceTree = "<group>"; fileEncoding = 4; };
		445F02EA36F6461D974D90FB /* ReaderThumbRequest.h */ = {isa = PBXFileReference; lastKnownFileType = sourcecode.c.h; name = "ReaderThumbRequest.h"; path = "de.sitewaerts.cordova.documentviewer/ReaderThumbRequest.h"; sourceTree = "<group>"; fileEncoding = 4; };
		30672E9E0C1D43039D52A3EE /* ReaderThumbsView.h */ = {isa = PBXFileReference; lastKnownFileType = sourcecode.c.h; name = "ReaderThumbsView.h"; path = "de.sitewaerts.cordova.documentviewer/ReaderThumbsView.h"; sourceTree = "<group>"; fileEncoding = 4; };
		42CAB323D74741EA826EE747 /* ReaderThumbView.h */ = {isa = PBXFileReference; lastKnownFileType = sourcecode.c.h; name = "ReaderThumbView.h"; path = "de.sitewaerts.cordova.documentviewer/ReaderThumbView.h"; sourceTree = "<group>"; fileEncoding = 4; };
		05B93E085A2B48DA905FD3D8 /* ReaderViewController.h */ = {isa = PBXFileReference; lastKnownFileType = sourcecode.c.h; name = "ReaderViewController.h"; path = "de.sitewaerts.cordova.documentviewer/ReaderViewController.h"; sourceTree = "<group>"; fileEncoding = 4; };
		637E4E7E1DAF452A93B63F4D /* ReaderViewController+SDVReaderViewControllerPassThrough.h */ = {isa = PBXFileReference; lastKnownFileType = sourcecode.c.h; name = "ReaderViewController+SDVReaderViewControllerPassThrough.h"; path = "de.sitewaerts.cordova.documentviewer/ReaderViewController+SDVReaderViewControllerPassThrough.h"; sourceTree = "<group>"; fileEncoding = 4; };
		E5AB1BCB5FC144AAA08C1694 /* SDVReaderContentViewDoublePage.h */ = {isa = PBXFileReference; lastKnownFileType = sourcecode.c.h; name = "SDVReaderContentViewDoublePage.h"; path = "de.sitewaerts.cordova.documentviewer/SDVReaderContentViewDoublePage.h"; sourceTree = "<group>"; fileEncoding = 4; };
		5466BBEEE503485A8BC555E1 /* SDVReaderMainPagebar.h */ = {isa = PBXFileReference; lastKnownFileType = sourcecode.c.h; name = "SDVReaderMainPagebar.h"; path = "de.sitewaerts.cordova.documentviewer/SDVReaderMainPagebar.h"; sourceTree = "<group>"; fileEncoding = 4; };
		BCC04E44AFDE45D0A829C0C5 /* SDVReaderMainToolbar.h */ = {isa = PBXFileReference; lastKnownFileType = sourcecode.c.h; name = "SDVReaderMainToolbar.h"; path = "de.sitewaerts.cordova.documentviewer/SDVReaderMainToolbar.h"; sourceTree = "<group>"; fileEncoding = 4; };
		68C72330DA6B4E44B2192582 /* SDVReaderViewController.h */ = {isa = PBXFileReference; lastKnownFileType = sourcecode.c.h; name = "SDVReaderViewController.h"; path = "de.sitewaerts.cordova.documentviewer/SDVReaderViewController.h"; sourceTree = "<group>"; fileEncoding = 4; };
		D9D24C7D5C844DB09E4B139C /* SDVThumbsMainToolbar.h */ = {isa = PBXFileReference; lastKnownFileType = sourcecode.c.h; name = "SDVThumbsMainToolbar.h"; path = "de.sitewaerts.cordova.documentviewer/SDVThumbsMainToolbar.h"; sourceTree = "<group>"; fileEncoding = 4; };
		20D91C9A14294949BB2E080E /* SDVThumbsViewController.h */ = {isa = PBXFileReference; lastKnownFileType = sourcecode.c.h; name = "SDVThumbsViewController.h"; path = "de.sitewaerts.cordova.documentviewer/SDVThumbsViewController.h"; sourceTree = "<group>"; fileEncoding = 4; };
		7C5F0995374542C8BE9EE374 /* ThumbsMainToolbar.h */ = {isa = PBXFileReference; lastKnownFileType = sourcecode.c.h; name = "ThumbsMainToolbar.h"; path = "de.sitewaerts.cordova.documentviewer/ThumbsMainToolbar.h"; sourceTree = "<group>"; fileEncoding = 4; };
		39C14CD0C45444019AD17144 /* ThumbsMainToolbar+SDVThumbsMainToolbarPassThrough.h */ = {isa = PBXFileReference; lastKnownFileType = sourcecode.c.h; name = "ThumbsMainToolbar+SDVThumbsMainToolbarPassThrough.h"; path = "de.sitewaerts.cordova.documentviewer/ThumbsMainToolbar+SDVThumbsMainToolbarPassThrough.h"; sourceTree = "<group>"; fileEncoding = 4; };
		50638954677E480D88F5ABD0 /* ThumbsViewController.h */ = {isa = PBXFileReference; lastKnownFileType = sourcecode.c.h; name = "ThumbsViewController.h"; path = "de.sitewaerts.cordova.documentviewer/ThumbsViewController.h"; sourceTree = "<group>"; fileEncoding = 4; };
		890F6539F40D4D82AD004A86 /* ThumbsViewController+SDVThumbsViewControllerPassThrough.h */ = {isa = PBXFileReference; lastKnownFileType = sourcecode.c.h; name = "ThumbsViewController+SDVThumbsViewControllerPassThrough.h"; path = "de.sitewaerts.cordova.documentviewer/ThumbsViewController+SDVThumbsViewControllerPassThrough.h"; sourceTree = "<group>"; fileEncoding = 4; };
		C392801049FB4ED18E77F741 /* UIXToolbarView.h */ = {isa = PBXFileReference; lastKnownFileType = sourcecode.c.h; name = "UIXToolbarView.h"; path = "de.sitewaerts.cordova.documentviewer/UIXToolbarView.h"; sourceTree = "<group>"; fileEncoding = 4; };
		353E33057E7540A9B60D2ECB /* AppIcon-057.png */ = {isa = PBXFileReference; lastKnownFileType = unknown; name = "AppIcon-057.png"; path = "Resources\AppIcon-057.png"; sourceTree = "<group>"; fileEncoding = 4; };
		B374F75B74F440D8BA3E5B9F /* AppIcon-072.png */ = {isa = PBXFileReference; lastKnownFileType = unknown; name = "AppIcon-072.png"; path = "Resources\AppIcon-072.png"; sourceTree = "<group>"; fileEncoding = 4; };
		7305A811D3A140A8A29E356C /* AppIcon-076.png */ = {isa = PBXFileReference; lastKnownFileType = unknown; name = "AppIcon-076.png"; path = "Resources\AppIcon-076.png"; sourceTree = "<group>"; fileEncoding = 4; };
		8DB19B3077924FFAA0C25CB5 /* AppIcon-114.png */ = {isa = PBXFileReference; lastKnownFileType = unknown; name = "AppIcon-114.png"; path = "Resources\AppIcon-114.png"; sourceTree = "<group>"; fileEncoding = 4; };
		70E31DFC866D4CB98F4F55E6 /* AppIcon-120.png */ = {isa = PBXFileReference; lastKnownFileType = unknown; name = "AppIcon-120.png"; path = "Resources\AppIcon-120.png"; sourceTree = "<group>"; fileEncoding = 4; };
		E55702BC654A43C19622E9F8 /* AppIcon-144.png */ = {isa = PBXFileReference; lastKnownFileType = unknown; name = "AppIcon-144.png"; path = "Resources\AppIcon-144.png"; sourceTree = "<group>"; fileEncoding = 4; };
		7C36F2BC627A48C787158BA3 /* AppIcon-152.png */ = {isa = PBXFileReference; lastKnownFileType = unknown; name = "AppIcon-152.png"; path = "Resources\AppIcon-152.png"; sourceTree = "<group>"; fileEncoding = 4; };
		D9354B637FDE459BAF847B43 /* AppIcon-180.png */ = {isa = PBXFileReference; lastKnownFileType = unknown; name = "AppIcon-180.png"; path = "Resources\AppIcon-180.png"; sourceTree = "<group>"; fileEncoding = 4; };
		7199C6EC3BEC421AB8553361 /* Default-568h@2x.png */ = {isa = PBXFileReference; lastKnownFileType = unknown; name = "Default-568h@2x.png"; path = "Resources\Default-568h@2x.png"; sourceTree = "<group>"; fileEncoding = 4; };
		BF30906417484EC0A0FD9E7E /* Reader-Button-H.png */ = {isa = PBXFileReference; lastKnownFileType = unknown; name = "Reader-Button-H.png"; path = "Resources\Reader-Button-H.png"; sourceTree = "<group>"; fileEncoding = 4; };
		D4DAEBB34D964EF4B76335C5 /* Reader-Button-H@2x.png */ = {isa = PBXFileReference; lastKnownFileType = unknown; name = "Reader-Button-H@2x.png"; path = "Resources\Reader-Button-H@2x.png"; sourceTree = "<group>"; fileEncoding = 4; };
		E0C481EA3DCA43AF8D982353 /* Reader-Button-N.png */ = {isa = PBXFileReference; lastKnownFileType = unknown; name = "Reader-Button-N.png"; path = "Resources\Reader-Button-N.png"; sourceTree = "<group>"; fileEncoding = 4; };
		E096ECA485164006999E6A0B /* Reader-Button-N@2x.png */ = {isa = PBXFileReference; lastKnownFileType = unknown; name = "Reader-Button-N@2x.png"; path = "Resources\Reader-Button-N@2x.png"; sourceTree = "<group>"; fileEncoding = 4; };
		C5AC3AA654CB4159BC68D406 /* Reader-Email.png */ = {isa = PBXFileReference; lastKnownFileType = unknown; name = "Reader-Email.png"; path = "Resources\Reader-Email.png"; sourceTree = "<group>"; fileEncoding = 4; };
		75B38F002BDD4A2CA7FFA9B7 /* Reader-Email@2x.png */ = {isa = PBXFileReference; lastKnownFileType = unknown; name = "Reader-Email@2x.png"; path = "Resources\Reader-Email@2x.png"; sourceTree = "<group>"; fileEncoding = 4; };
		19A096A110AA41A5A71AE0A6 /* Reader-Export.png */ = {isa = PBXFileReference; lastKnownFileType = unknown; name = "Reader-Export.png"; path = "Resources\Reader-Export.png"; sourceTree = "<group>"; fileEncoding = 4; };
		CBF3140BA3574ACAA4412E8E /* Reader-Export@2x.png */ = {isa = PBXFileReference; lastKnownFileType = unknown; name = "Reader-Export@2x.png"; path = "Resources\Reader-Export@2x.png"; sourceTree = "<group>"; fileEncoding = 4; };
		66059562CF814E719F07B2FB /* Reader-Mark-N.png */ = {isa = PBXFileReference; lastKnownFileType = unknown; name = "Reader-Mark-N.png"; path = "Resources\Reader-Mark-N.png"; sourceTree = "<group>"; fileEncoding = 4; };
		413579576FB04A3E98A0F228 /* Reader-Mark-N@2x.png */ = {isa = PBXFileReference; lastKnownFileType = unknown; name = "Reader-Mark-N@2x.png"; path = "Resources\Reader-Mark-N@2x.png"; sourceTree = "<group>"; fileEncoding = 4; };
		90DAE3227C3E460A98FCB801 /* Reader-Mark-Y.png */ = {isa = PBXFileReference; lastKnownFileType = unknown; name = "Reader-Mark-Y.png"; path = "Resources\Reader-Mark-Y.png"; sourceTree = "<group>"; fileEncoding = 4; };
		C99E9C3B48B44D9A81D7D59A /* Reader-Mark-Y@2x.png */ = {isa = PBXFileReference; lastKnownFileType = unknown; name = "Reader-Mark-Y@2x.png"; path = "Resources\Reader-Mark-Y@2x.png"; sourceTree = "<group>"; fileEncoding = 4; };
		0E432D694D174BACBC3AC95E /* Reader-Print.png */ = {isa = PBXFileReference; lastKnownFileType = unknown; name = "Reader-Print.png"; path = "Resources\Reader-Print.png"; sourceTree = "<group>"; fileEncoding = 4; };
		577A0D09952244FE97528362 /* Reader-Print@2x.png */ = {isa = PBXFileReference; lastKnownFileType = unknown; name = "Reader-Print@2x.png"; path = "Resources\Reader-Print@2x.png"; sourceTree = "<group>"; fileEncoding = 4; };
		459D1820D5394238B7A1B05E /* Reader-Thumbs.png */ = {isa = PBXFileReference; lastKnownFileType = unknown; name = "Reader-Thumbs.png"; path = "Resources\Reader-Thumbs.png"; sourceTree = "<group>"; fileEncoding = 4; };
		8B6558E6FC764651A247110D /* Reader-Thumbs@2x.png */ = {isa = PBXFileReference; lastKnownFileType = unknown; name = "Reader-Thumbs@2x.png"; path = "Resources\Reader-Thumbs@2x.png"; sourceTree = "<group>"; fileEncoding = 4; };
		644A7DD8692C4DE29BFA1C45 /* SDVReader-CoverPage.png */ = {isa = PBXFileReference; lastKnownFileType = unknown; name = "SDVReader-CoverPage.png"; path = "Resources\SDVReader-CoverPage.png"; sourceTree = "<group>"; fileEncoding = 4; };
		A3C63F40B32B41B8ADB6B085 /* SDVReader-CoverPage@2x.png */ = {isa = PBXFileReference; lastKnownFileType = unknown; name = "SDVReader-CoverPage@2x.png"; path = "Resources\SDVReader-CoverPage@2x.png"; sourceTree = "<group>"; fileEncoding = 4; };
		A4583F8593A84346BD552CFA /* SDVReader-DoublePage.png */ = {isa = PBXFileReference; lastKnownFileType = unknown; name = "SDVReader-DoublePage.png"; path = "Resources\SDVReader-DoublePage.png"; sourceTree = "<group>"; fileEncoding = 4; };
		6435C03FD49C45E385455D9F /* SDVReader-DoublePage@2x.png */ = {isa = PBXFileReference; lastKnownFileType = unknown; name = "SDVReader-DoublePage@2x.png"; path = "Resources\SDVReader-DoublePage@2x.png"; sourceTree = "<group>"; fileEncoding = 4; };
		184BA08B916E4DDDAA52AEFE /* SDVReader-Outline.png */ = {isa = PBXFileReference; lastKnownFileType = unknown; name = "SDVReader-Outline.png"; path = "Resources\SDVReader-Outline.png"; sourceTree = "<group>"; fileEncoding = 4; };
		5F3F010160A943878B5A720A /* SDVReader-Outline@2x.png */ = {isa = PBXFileReference; lastKnownFileType = unknown; name = "SDVReader-Outline@2x.png"; path = "Resources\SDVReader-Outline@2x.png"; sourceTree = "<group>"; fileEncoding = 4; };
		BFBE67C7F70D47839533A161 /* SDVReader-SinglePage.png */ = {isa = PBXFileReference; lastKnownFileType = unknown; name = "SDVReader-SinglePage.png"; path = "Resources\SDVReader-SinglePage.png"; sourceTree = "<group>"; fileEncoding = 4; };
		8810516362164EBB8E28ECFB /* SDVReader-SinglePage@2x.png */ = {isa = PBXFileReference; lastKnownFileType = unknown; name = "SDVReader-SinglePage@2x.png"; path = "Resources\SDVReader-SinglePage@2x.png"; sourceTree = "<group>"; fileEncoding = 4; };
		A0E9E7EFE36F4A78BB446F33 /* UIKit.framework */ = {isa = PBXFileReference; lastKnownFileType = wrapper.framework; name = "UIKit.framework"; path = "System/Library/Frameworks/UIKit.framework"; sourceTree = SDKROOT; fileEncoding = 4; };
		3642D95E36ED491CA8F6905E /* Foundation.framework */ = {isa = PBXFileReference; lastKnownFileType = wrapper.framework; name = "Foundation.framework"; path = "System/Library/Frameworks/Foundation.framework"; sourceTree = SDKROOT; fileEncoding = 4; };
		5EB308FBE6414E23A0523AEB /* QuartzCore.framework */ = {isa = PBXFileReference; lastKnownFileType = wrapper.framework; name = "QuartzCore.framework"; path = "System/Library/Frameworks/QuartzCore.framework"; sourceTree = SDKROOT; fileEncoding = 4; };
		E38E35778AB14A6CA9037559 /* ImageIO.framework */ = {isa = PBXFileReference; lastKnownFileType = wrapper.framework; name = "ImageIO.framework"; path = "System/Library/Frameworks/ImageIO.framework"; sourceTree = SDKROOT; fileEncoding = 4; };
		C10B55078CBF4688BC1C2E4B /* MessageUI.framework */ = {isa = PBXFileReference; lastKnownFileType = wrapper.framework; name = "MessageUI.framework"; path = "System/Library/Frameworks/MessageUI.framework"; sourceTree = SDKROOT; fileEncoding = 4; };
/* End PBXFileReference section */

/* Begin PBXFrameworksBuildPhase section */
		1D60588F0D05DD3D006BFB54 /* Frameworks */ = {
			isa = PBXFrameworksBuildPhase;
			buildActionMask = 2147483647;
			files = (
				5B1594DD16A7569C00FEF299 /* AssetsLibrary.framework in Frameworks */,
				301BF552109A68D80062928A /* libCordova.a in Frameworks */,
				288765FD0DF74451002DB57D /* CoreGraphics.framework in Frameworks */,
				305D5FD1115AB8F900A74A75 /* MobileCoreServices.framework in Frameworks */,
				D1E601E572BB410E87F56495 /* AudioToolbox.framework in Frameworks */,
				7AAA142B022347B5BAB7FCB1 /* UIKit.framework in Frameworks */,
				D5021E11FF7E4DA0BE46B2C8 /* Foundation.framework in Frameworks */,
				9934046B68784E2D85FAB90A /* QuartzCore.framework in Frameworks */,
				FDC83D41B0124B7183018DCF /* ImageIO.framework in Frameworks */,
				7A5C69B5B541439DB71B1BE9 /* MessageUI.framework in Frameworks */,
			);
			runOnlyForDeploymentPostprocessing = 0;
		};
/* End PBXFrameworksBuildPhase section */

/* Begin PBXGroup section */
		080E96DDFE201D6D7F000001 /* Classes */ = {
			isa = PBXGroup;
			children = (
				302D95EE14D2391D003F00A1 /* MainViewController.h */,
				302D95EF14D2391D003F00A1 /* MainViewController.m */,
				302D95F014D2391D003F00A1 /* MainViewController.xib */,
				1D3623240D0F684500981E51 /* AppDelegate.h */,
				1D3623250D0F684500981E51 /* AppDelegate.m */,
			);
			name = Classes;
			path = "DoubleBass/Classes";
			sourceTree = SOURCE_ROOT;
		};
		19C28FACFE9D520D11CA2CBB /* Products */ = {
			isa = PBXGroup;
			children = (
				1D6058910D05DD3D006BFB54 /* DoubleBass.app */,
			);
			name = Products;
			sourceTree = "<group>";
		};
		29B97314FDCFA39411CA2CEA /* CustomTemplate */ = {
			isa = PBXGroup;
			children = (
				EB87FDF41871DAF40020F90C /* config.xml */,
				EB87FDF31871DA8E0020F90C /* www */,
				EB87FDF21871DA7A0020F90C /* merges */,
				EB87FDF11871DA420020F90C /* Staging */,
				301BF52D109A57CC0062928A /* CordovaLib.xcodeproj */,
				080E96DDFE201D6D7F000001 /* Classes */,
				307C750510C5A3420062BCA9 /* Plugins */,
				29B97315FDCFA39411CA2CEA /* Other Sources */,
				29B97317FDCFA39411CA2CEA /* Resources */,
				29B97323FDCFA39411CA2CEA /* Frameworks */,
				19C28FACFE9D520D11CA2CBB /* Products */,
			);
			name = CustomTemplate;
			sourceTree = "<group>";
		};
		29B97315FDCFA39411CA2CEA /* Other Sources */ = {
			isa = PBXGroup;
			children = (
				32CA4F630368D1EE00C91783 /* DoubleBass-Prefix.pch */,
				29B97316FDCFA39411CA2CEA /* main.m */,
			);
			name = "Other Sources";
			path = "DoubleBass";
			sourceTree = "<group>";
		};
		29B97317FDCFA39411CA2CEA /* Resources */ = {
			isa = PBXGroup;
			children = (
				308D052D1370CCF300D202BF /* icons */,
				308D05311370CCF300D202BF /* splash */,
				8D1107310486CEB800E47090 /* DoubleBass-Info.plist */,
				5728A7B76B444656BD63C951 /* CDVNotification.bundle */,
				353E33057E7540A9B60D2ECB /* AppIcon-057.png */,
				B374F75B74F440D8BA3E5B9F /* AppIcon-072.png */,
				7305A811D3A140A8A29E356C /* AppIcon-076.png */,
				8DB19B3077924FFAA0C25CB5 /* AppIcon-114.png */,
				70E31DFC866D4CB98F4F55E6 /* AppIcon-120.png */,
				E55702BC654A43C19622E9F8 /* AppIcon-144.png */,
				7C36F2BC627A48C787158BA3 /* AppIcon-152.png */,
				D9354B637FDE459BAF847B43 /* AppIcon-180.png */,
				7199C6EC3BEC421AB8553361 /* Default-568h@2x.png */,
				BF30906417484EC0A0FD9E7E /* Reader-Button-H.png */,
				D4DAEBB34D964EF4B76335C5 /* Reader-Button-H@2x.png */,
				E0C481EA3DCA43AF8D982353 /* Reader-Button-N.png */,
				E096ECA485164006999E6A0B /* Reader-Button-N@2x.png */,
				C5AC3AA654CB4159BC68D406 /* Reader-Email.png */,
				75B38F002BDD4A2CA7FFA9B7 /* Reader-Email@2x.png */,
				19A096A110AA41A5A71AE0A6 /* Reader-Export.png */,
				CBF3140BA3574ACAA4412E8E /* Reader-Export@2x.png */,
				66059562CF814E719F07B2FB /* Reader-Mark-N.png */,
				413579576FB04A3E98A0F228 /* Reader-Mark-N@2x.png */,
				90DAE3227C3E460A98FCB801 /* Reader-Mark-Y.png */,
				C99E9C3B48B44D9A81D7D59A /* Reader-Mark-Y@2x.png */,
				0E432D694D174BACBC3AC95E /* Reader-Print.png */,
				577A0D09952244FE97528362 /* Reader-Print@2x.png */,
				459D1820D5394238B7A1B05E /* Reader-Thumbs.png */,
				8B6558E6FC764651A247110D /* Reader-Thumbs@2x.png */,
				644A7DD8692C4DE29BFA1C45 /* SDVReader-CoverPage.png */,
				A3C63F40B32B41B8ADB6B085 /* SDVReader-CoverPage@2x.png */,
				A4583F8593A84346BD552CFA /* SDVReader-DoublePage.png */,
				6435C03FD49C45E385455D9F /* SDVReader-DoublePage@2x.png */,
				184BA08B916E4DDDAA52AEFE /* SDVReader-Outline.png */,
				5F3F010160A943878B5A720A /* SDVReader-Outline@2x.png */,
				BFBE67C7F70D47839533A161 /* SDVReader-SinglePage.png */,
				8810516362164EBB8E28ECFB /* SDVReader-SinglePage@2x.png */,
			);
			name = Resources;
			path = "DoubleBass/Resources";
			sourceTree = "<group>";
		};
		29B97323FDCFA39411CA2CEA /* Frameworks */ = {
			isa = PBXGroup;
			children = (
				5B1594DC16A7569C00FEF299 /* AssetsLibrary.framework */,
				288765FC0DF74451002DB57D /* CoreGraphics.framework */,
				305D5FD0115AB8F900A74A75 /* MobileCoreServices.framework */,
				03CE80A40AEA4B5B8DA3B30A /* AudioToolbox.framework */,
				A0E9E7EFE36F4A78BB446F33 /* UIKit.framework */,
				3642D95E36ED491CA8F6905E /* Foundation.framework */,
				5EB308FBE6414E23A0523AEB /* QuartzCore.framework */,
				E38E35778AB14A6CA9037559 /* ImageIO.framework */,
				C10B55078CBF4688BC1C2E4B /* MessageUI.framework */,
			);
			name = Frameworks;
			sourceTree = "<group>";
		};
		301BF52E109A57CC0062928A /* Products */ = {
			isa = PBXGroup;
			children = (
				301BF535109A57CC0062928A /* libCordova.a */,
			);
			name = Products;
			sourceTree = "<group>";
		};
		307C750510C5A3420062BCA9 /* Plugins */ = {
			isa = PBXGroup;
			children = (
				5B5B9E8DD07745E6ADF50E56 /* CDVNotification.m */,
				BBBF3546FB4B4288B01B02D4 /* CDVNotification.h */,
				0B20411101B04E0CA31BEC62 /* CDVStatusBar.m */,
				D2F7D3A30FC24F6888F6C3E6 /* CDVStatusBar.h */,
				C4E3A6B376354EF4AFB6D82E /* SitewaertsDocumentViewer.m */,
				12FF370F835243AC946B4CA7 /* CGPDFDocument.m */,
				126251DF897149D4AF83BF1A /* ReaderConstants.m */,
				B451B38A8C604355A9E41C71 /* ReaderContentPage.m */,
				77C3CF77D6D6494C93991988 /* ReaderContentTile.m */,
				311E6B5219DB44A088A2760A /* ReaderContentView.m */,
				C9CA9CFB5E7F4E3995487407 /* ReaderDocument.m */,
				A4FC479AF81F4C929C55D25B /* ReaderDocumentOutline.m */,
				B235C43FA4A6481FB6D17745 /* ReaderMainPagebar.m */,
				D917638307AD4FE7B2CEEE0E /* ReaderMainToolbar.m */,
				552B6C4649784D5EB04690B4 /* ReaderMainToolbar+SDVReaderMainToolbarPassThrough.m */,
				9F8B05F0D47049D3A6B5E9CD /* ReaderThumbCache.m */,
				D7F673D5C9654BC58881EA16 /* ReaderThumbFetch.m */,
				BA48FA5362124D9D942A40E0 /* ReaderThumbQueue.m */,
				077C213A3908482EBE34BC11 /* ReaderThumbRender.m */,
				62C36C6CA2554629A74544DB /* ReaderThumbRequest.m */,
				0D106D4E8FD34B518930B10A /* ReaderThumbsView.m */,
				8D2DDA547F6E453692E43E6B /* ReaderThumbView.m */,
				AAD928C77B8440E3B49B8D7E /* ReaderViewController.m */,
				7AC7F5792E8945B98C067E8D /* ReaderViewController+SDVReaderViewControllerPassThrough.m */,
				86B8CC31D49F47288384C0B1 /* SDVReaderContentViewDoublePage.m */,
				D7A6C630F9D84356B0C777D1 /* SDVReaderMainPagebar.m */,
				BC46E99788EA4A3F948CC02D /* SDVReaderMainToolbar.m */,
				81827DAE27204BADBE70F9FD /* SDVReaderViewController.m */,
				3C0B48A64A7143E9B8E988B3 /* SDVThumbsMainToolbar.m */,
				F4C8BAB77936426395C1FB05 /* SDVThumbsViewController.m */,
				340367813BF44181B84384B2 /* ThumbsMainToolbar.m */,
				51DA422AB2D2444FB6335064 /* ThumbsMainToolbar+SDVThumbsMainToolbarPassThrough.m */,
				D8A50E1D4D4B40B1B2126765 /* ThumbsViewController.m */,
				243499AD2CA84AEE95C7A912 /* ThumbsViewController+SDVThumbsViewControllerPassThrough.m */,
				27EBD24791E742988BFDC9CC /* UIXToolbarView.m */,
				CAC1141CA96849E79178B14D /* SitewaertsDocumentViewer.h */,
				ED51007B44CC42678FF09EE8 /* CGPDFDocument.h */,
				6FD37714BF744BD3AD640A6F /* ReaderConstants.h */,
				E261CEC2A7904653A37C09E1 /* ReaderContentPage.h */,
				A3933B6CC8DF406EB1FF39BE /* ReaderContentTile.h */,
				B45A04324BEE42D788C27CA0 /* ReaderContentView.h */,
				6B0EE09AAE9F4854B597547C /* ReaderDocument.h */,
				2BA41F9E34274E77A1E47161 /* ReaderDocumentOutline.h */,
				022661FDD49E4481BD4CC562 /* ReaderMainPagebar.h */,
				2C200CC2A77B4838A1E44565 /* ReaderMainToolbar.h */,
				B7BC566CCF1E4A6890DBCDB9 /* ReaderMainToolbar+SDVReaderMainToolbarPassThrough.h */,
				7C662917F13C4165A85E26EF /* ReaderThumbCache.h */,
				5C73E22B75B94052ABE02221 /* ReaderThumbFetch.h */,
				180DABD24AD446839CA2FBB3 /* ReaderThumbQueue.h */,
				1EE49979B40A4AACACF3B1E5 /* ReaderThumbRender.h */,
				445F02EA36F6461D974D90FB /* ReaderThumbRequest.h */,
				30672E9E0C1D43039D52A3EE /* ReaderThumbsView.h */,
				42CAB323D74741EA826EE747 /* ReaderThumbView.h */,
				05B93E085A2B48DA905FD3D8 /* ReaderViewController.h */,
				637E4E7E1DAF452A93B63F4D /* ReaderViewController+SDVReaderViewControllerPassThrough.h */,
				E5AB1BCB5FC144AAA08C1694 /* SDVReaderContentViewDoublePage.h */,
				5466BBEEE503485A8BC555E1 /* SDVReaderMainPagebar.h */,
				BCC04E44AFDE45D0A829C0C5 /* SDVReaderMainToolbar.h */,
				68C72330DA6B4E44B2192582 /* SDVReaderViewController.h */,
				D9D24C7D5C844DB09E4B139C /* SDVThumbsMainToolbar.h */,
				20D91C9A14294949BB2E080E /* SDVThumbsViewController.h */,
				7C5F0995374542C8BE9EE374 /* ThumbsMainToolbar.h */,
				39C14CD0C45444019AD17144 /* ThumbsMainToolbar+SDVThumbsMainToolbarPassThrough.h */,
				50638954677E480D88F5ABD0 /* ThumbsViewController.h */,
				890F6539F40D4D82AD004A86 /* ThumbsViewController+SDVThumbsViewControllerPassThrough.h */,
				C392801049FB4ED18E77F741 /* UIXToolbarView.h */,
			);
			name = Plugins;
			path = "DoubleBass/Plugins";
			sourceTree = SOURCE_ROOT;
		};
		308D052D1370CCF300D202BF /* icons */ = {
			isa = PBXGroup;
			children = (
				30C1856519D5FC0A00212699 /* icon-60@3x.png */,
				7E7966D41810823500FA85AD /* icon-40.png */,
				7E7966D51810823500FA85AD /* icon-40@2x.png */,
				7E7966D61810823500FA85AD /* icon-50.png */,
				7E7966D71810823500FA85AD /* icon-50@2x.png */,
				7E7966D81810823500FA85AD /* icon-60.png */,
				7E7966D91810823500FA85AD /* icon-60@2x.png */,
				7E7966DA1810823500FA85AD /* icon-76.png */,
				7E7966DB1810823500FA85AD /* icon-76@2x.png */,
				7E7966DC1810823500FA85AD /* icon-small.png */,
				7E7966DD1810823500FA85AD /* icon-small@2x.png */,
				30FC414816E50CA1004E6F35 /* icon-72@2x.png */,
				308D052E1370CCF300D202BF /* icon-72.png */,
				308D052F1370CCF300D202BF /* icon.png */,
				308D05301370CCF300D202BF /* icon@2x.png */,
			);
			path = icons;
			sourceTree = "<group>";
		};
		308D05311370CCF300D202BF /* splash */ = {
			isa = PBXGroup;
			children = (
				30B4F2FD19D5E07200D9F7D8 /* Default-667h.png */,
				30B4F2FE19D5E07200D9F7D8 /* Default-736h.png */,
				30B4F2FF19D5E07200D9F7D8 /* Default-Landscape-736h.png */,
				D4A0D8751607E02300AEF8BB /* Default-568h@2x~iphone.png */,
				3088BBB7154F3926009F9C59 /* Default-Landscape@2x~ipad.png */,
				3088BBB8154F3926009F9C59 /* Default-Landscape~ipad.png */,
				3088BBB9154F3926009F9C59 /* Default-Portrait@2x~ipad.png */,
				3088BBBA154F3926009F9C59 /* Default-Portrait~ipad.png */,
				3088BBBB154F3926009F9C59 /* Default@2x~iphone.png */,
				3088BBBC154F3926009F9C59 /* Default~iphone.png */,
			);
			path = splash;
			sourceTree = "<group>";
		};
		EB87FDF11871DA420020F90C /* Staging */ = {
			isa = PBXGroup;
			children = (
				F840E1F0165FE0F500CFE078 /* config.xml */,
				301BF56E109A69640062928A /* www */,
			);
			name = Staging;
			sourceTree = "<group>";
		};
/* End PBXGroup section */

/* Begin PBXNativeTarget section */
		1D6058900D05DD3D006BFB54 /* DoubleBass */ = {
			isa = PBXNativeTarget;
			buildConfigurationList = 1D6058960D05DD3E006BFB54 /* Build configuration list for PBXNativeTarget "DoubleBass" */;
			buildPhases = (
				304B58A110DAC018002A0835 /* Copy www directory */,
				1D60588D0D05DD3D006BFB54 /* Resources */,
				1D60588E0D05DD3D006BFB54 /* Sources */,
				1D60588F0D05DD3D006BFB54 /* Frameworks */,
			);
			buildRules = (
			);
			dependencies = (
				301BF551109A68C00062928A /* PBXTargetDependency */,
			);
			name = "DoubleBass";
			productName = "DoubleBass";
			productReference = 1D6058910D05DD3D006BFB54 /* DoubleBass.app */;
			productType = "com.apple.product-type.application";
		};
/* End PBXNativeTarget section */

/* Begin PBXProject section */
		29B97313FDCFA39411CA2CEA /* Project object */ = {
			isa = PBXProject;
			attributes = {
				LastUpgradeCheck = 510;
			};
			buildConfigurationList = C01FCF4E08A954540054247B /* Build configuration list for PBXProject "__CLI__" */;
			compatibilityVersion = "Xcode 3.2";
			developmentRegion = English;
			hasScannedForEncodings = 1;
			knownRegions = (
				English,
				Japanese,
				French,
				German,
				en,
				es,
				de,
				se,
			);
			mainGroup = 29B97314FDCFA39411CA2CEA /* CustomTemplate */;
			projectDirPath = "";
			projectReferences = (
				{
					ProductGroup = 301BF52E109A57CC0062928A /* Products */;
					ProjectRef = 301BF52D109A57CC0062928A /* CordovaLib.xcodeproj */;
				},
			);
			projectRoot = "";
			targets = (
				1D6058900D05DD3D006BFB54 /* DoubleBass */,
			);
		};
/* End PBXProject section */

/* Begin PBXReferenceProxy section */
		301BF535109A57CC0062928A /* libCordova.a */ = {
			isa = PBXReferenceProxy;
			fileType = archive.ar;
			path = libCordova.a;
			remoteRef = 301BF534109A57CC0062928A /* PBXContainerItemProxy */;
			sourceTree = BUILT_PRODUCTS_DIR;
		};
/* End PBXReferenceProxy section */

/* Begin PBXResourcesBuildPhase section */
		1D60588D0D05DD3D006BFB54 /* Resources */ = {
			isa = PBXResourcesBuildPhase;
			buildActionMask = 2147483647;
			files = (
				7E7966E41810823500FA85AD /* icon-76.png in Resources */,
				7E7966DF1810823500FA85AD /* icon-40@2x.png in Resources */,
				308D05371370CCF300D202BF /* icon-72.png in Resources */,
				30B4F30119D5E07200D9F7D8 /* Default-736h.png in Resources */,
				308D05381370CCF300D202BF /* icon.png in Resources */,
				308D05391370CCF300D202BF /* icon@2x.png in Resources */,
				302D95F214D2391D003F00A1 /* MainViewController.xib in Resources */,
				7E7966E01810823500FA85AD /* icon-50.png in Resources */,
				7E7966E31810823500FA85AD /* icon-60@2x.png in Resources */,
				7E7966E61810823500FA85AD /* icon-small.png in Resources */,
				3088BBBD154F3926009F9C59 /* Default-Landscape@2x~ipad.png in Resources */,
				3088BBBE154F3926009F9C59 /* Default-Landscape~ipad.png in Resources */,
				3088BBBF154F3926009F9C59 /* Default-Portrait@2x~ipad.png in Resources */,
				7E7966E71810823500FA85AD /* icon-small@2x.png in Resources */,
				3088BBC0154F3926009F9C59 /* Default-Portrait~ipad.png in Resources */,
				30B4F30019D5E07200D9F7D8 /* Default-667h.png in Resources */,
				7E7966DE1810823500FA85AD /* icon-40.png in Resources */,
				3088BBC1154F3926009F9C59 /* Default@2x~iphone.png in Resources */,
				7E7966E21810823500FA85AD /* icon-60.png in Resources */,
				3088BBC2154F3926009F9C59 /* Default~iphone.png in Resources */,
				D4A0D8761607E02300AEF8BB /* Default-568h@2x~iphone.png in Resources */,
				30B4F30219D5E07200D9F7D8 /* Default-Landscape-736h.png in Resources */,
				30C1856619D5FC0A00212699 /* icon-60@3x.png in Resources */,
				7E7966E11810823500FA85AD /* icon-50@2x.png in Resources */,
				7E7966E51810823500FA85AD /* icon-76@2x.png in Resources */,
				30FC414916E50CA1004E6F35 /* icon-72@2x.png in Resources */,
				E5519F6A6B4D4A4AA7582050 /* CDVNotification.bundle in Resources */,
				2114480FAD704C01A924A69B /* AppIcon-057.png in Resources */,
				A40E60D23398473E81C00B88 /* AppIcon-072.png in Resources */,
				A7ECF9633CA141CDA85F4455 /* AppIcon-076.png in Resources */,
				44E8E4AF281D478B8A23BFA6 /* AppIcon-114.png in Resources */,
				F7F1CE7B79FA411187214214 /* AppIcon-120.png in Resources */,
				7E8673BCA9C84E658EDA6FC6 /* AppIcon-144.png in Resources */,
				069E310814BF4585A56BFCB5 /* AppIcon-152.png in Resources */,
				2B16875D09FE476CA6A86A9B /* AppIcon-180.png in Resources */,
				CF73B9CD1BE84891B84C2978 /* Default-568h@2x.png in Resources */,
				9ABE24C6FD3B4FB3910DE662 /* Reader-Button-H.png in Resources */,
				43945B5635844CBD99D31B53 /* Reader-Button-H@2x.png in Resources */,
				4A30B9DAB5EB490EAB34F49F /* Reader-Button-N.png in Resources */,
				B9D63AD291ED42E2927C97D1 /* Reader-Button-N@2x.png in Resources */,
				DA35D9E380314CAC863BD143 /* Reader-Email.png in Resources */,
				849F4382989442CBBCC99CAF /* Reader-Email@2x.png in Resources */,
				9BCE8C1ACDE24AFF898C0368 /* Reader-Export.png in Resources */,
				8144B589DFD441678F6C475F /* Reader-Export@2x.png in Resources */,
				08D6A23D36DF47BF880E8E44 /* Reader-Mark-N.png in Resources */,
				B4BD74079741432599FE10A1 /* Reader-Mark-N@2x.png in Resources */,
				60C327643E3A4CC1A902120C /* Reader-Mark-Y.png in Resources */,
				88EBA959DF2141F5834281BF /* Reader-Mark-Y@2x.png in Resources */,
				83CD6CE78CF3421F813D4435 /* Reader-Print.png in Resources */,
				F397E13E6D8240A6AC4E26D9 /* Reader-Print@2x.png in Resources */,
				BC8362F74C0342D3A38431AE /* Reader-Thumbs.png in Resources */,
				43793D1BC4A749C4A94601B9 /* Reader-Thumbs@2x.png in Resources */,
				AB5FA1E119C5449B83669DCE /* SDVReader-CoverPage.png in Resources */,
				224ED4A3448A461B8E86459C /* SDVReader-CoverPage@2x.png in Resources */,
				1A214031755E4FB6B48AF7D1 /* SDVReader-DoublePage.png in Resources */,
				12BED45176F84953B924F870 /* SDVReader-DoublePage@2x.png in Resources */,
				9B1EB766F8F94662B4F27419 /* SDVReader-Outline.png in Resources */,
				DF39ACE3D0DF41FBBEB9F0C2 /* SDVReader-Outline@2x.png in Resources */,
				87E212C7D24A475F98C30C10 /* SDVReader-SinglePage.png in Resources */,
				8C3A3CDDE3434C8A9A2B88B7 /* SDVReader-SinglePage@2x.png in Resources */,
			);
			runOnlyForDeploymentPostprocessing = 0;
		};
/* End PBXResourcesBuildPhase section */

/* Begin PBXShellScriptBuildPhase section */
		304B58A110DAC018002A0835 /* Copy www directory */ = {
			isa = PBXShellScriptBuildPhase;
			buildActionMask = 2147483647;
			files = (
			);
			inputPaths = (
			);
			name = "Copy www directory";
			outputPaths = (
			);
			runOnlyForDeploymentPostprocessing = 0;
			shellPath = /bin/sh;
			shellScript = "cordova/lib/copy-www-build-step.sh";
			showEnvVarsInLog = 0;
		};
/* End PBXShellScriptBuildPhase section */

/* Begin PBXSourcesBuildPhase section */
		1D60588E0D05DD3D006BFB54 /* Sources */ = {
			isa = PBXSourcesBuildPhase;
			buildActionMask = 2147483647;
			files = (
				1D60589B0D05DD56006BFB54 /* main.m in Sources */,
				1D3623260D0F684500981E51 /* AppDelegate.m in Sources */,
				302D95F114D2391D003F00A1 /* MainViewController.m in Sources */,
				94C317C9A296464097D6EA58 /* CDVNotification.m in Sources */,
				B39A33D79FF34CA191984D68 /* CDVStatusBar.m in Sources */,
				E80CECC3D47C43ADBD7B736D /* SitewaertsDocumentViewer.m in Sources */,
				743191789C2C48568BD55143 /* CGPDFDocument.m in Sources */,
				ABFF05DDF84C413394937716 /* ReaderConstants.m in Sources */,
				D69090B95575498E9466E4DF /* ReaderContentPage.m in Sources */,
				ED9A16405F4545BFB1B230FB /* ReaderContentTile.m in Sources */,
				9840DC92C2A1452DA828CA6A /* ReaderContentView.m in Sources */,
				7FC5191404BA4B249FAF0A37 /* ReaderDocument.m in Sources */,
				4354F7AAAAFF4BB49216294F /* ReaderDocumentOutline.m in Sources */,
				F3AC1F93C9A44ABB80A6FE75 /* ReaderMainPagebar.m in Sources */,
				CDCA3935BE87486891219964 /* ReaderMainToolbar.m in Sources */,
				5DADC990C93B4BCE904AF912 /* ReaderMainToolbar+SDVReaderMainToolbarPassThrough.m in Sources */,
				95070AF2EE0D43D88423B55A /* ReaderThumbCache.m in Sources */,
				E0D4D71ED0924882A70C2720 /* ReaderThumbFetch.m in Sources */,
				2E2446E7985D44B3996E827C /* ReaderThumbQueue.m in Sources */,
				F19F65A17C594448B3B65EF7 /* ReaderThumbRender.m in Sources */,
				C0182869874541DAB2DCD490 /* ReaderThumbRequest.m in Sources */,
				492BC73BCFD442BB882CD0E4 /* ReaderThumbsView.m in Sources */,
				AB15B05B2D3341B3AEF264E7 /* ReaderThumbView.m in Sources */,
				68B68CE5507648A8927EC771 /* ReaderViewController.m in Sources */,
				849275279C3D476BA9459478 /* ReaderViewController+SDVReaderViewControllerPassThrough.m in Sources */,
				27BE8CB7781C4A8D930390A3 /* SDVReaderContentViewDoublePage.m in Sources */,
				8BC1F45EFF344C38B343E639 /* SDVReaderMainPagebar.m in Sources */,
				42B7268C527E4A659D3D3E98 /* SDVReaderMainToolbar.m in Sources */,
				733DC6E3C4FB4B419C6F1F4C /* SDVReaderViewController.m in Sources */,
				B2E7E1D1C2B84B1691F44C9E /* SDVThumbsMainToolbar.m in Sources */,
				A7D494324DCC409DAB2256DC /* SDVThumbsViewController.m in Sources */,
				89BF0DDC11214B6CA4683968 /* ThumbsMainToolbar.m in Sources */,
				B824D4C6201A46C3A3749379 /* ThumbsMainToolbar+SDVThumbsMainToolbarPassThrough.m in Sources */,
				2D5100C2B6254C8588AB14C9 /* ThumbsViewController.m in Sources */,
				AA8389862DF54DD19970E38B /* ThumbsViewController+SDVThumbsViewControllerPassThrough.m in Sources */,
				B0FDD84D3D3F476A922319A3 /* UIXToolbarView.m in Sources */,
			);
			runOnlyForDeploymentPostprocessing = 0;
		};
/* End PBXSourcesBuildPhase section */

/* Begin PBXTargetDependency section */
		301BF551109A68C00062928A /* PBXTargetDependency */ = {
			isa = PBXTargetDependency;
			name = CordovaLib;
			targetProxy = 301BF550109A68C00062928A /* PBXContainerItemProxy */;
		};
/* End PBXTargetDependency section */

/* Begin XCBuildConfiguration section */
		1D6058940D05DD3E006BFB54 /* Debug */ = {
			isa = XCBuildConfiguration;
			buildSettings = {
				ALWAYS_SEARCH_USER_PATHS = NO;
				CLANG_ENABLE_OBJC_ARC = YES;
				COPY_PHASE_STRIP = NO;
				GCC_DYNAMIC_NO_PIC = NO;
				GCC_OPTIMIZATION_LEVEL = 0;
				GCC_PRECOMPILE_PREFIX_HEADER = YES;
				GCC_PREFIX_HEADER = "DoubleBass/DoubleBass-Prefix.pch";
				GCC_THUMB_SUPPORT = NO;
				GCC_VERSION = "";
				INFOPLIST_FILE = "DoubleBass/DoubleBass-Info.plist";
				IPHONEOS_DEPLOYMENT_TARGET = 6.0;
				OTHER_LDFLAGS = (
					"-weak_framework",
					CoreFoundation,
					"-weak_framework",
					UIKit,
					"-weak_framework",
					AVFoundation,
					"-weak_framework",
					CoreMedia,
					"-weak-lSystem",
					"-ObjC",
				);
				PRODUCT_NAME = "DoubleBass";
				TARGETED_DEVICE_FAMILY = "1,2";
			};
			name = Debug;
		};
		1D6058950D05DD3E006BFB54 /* Release */ = {
			isa = XCBuildConfiguration;
			buildSettings = {
				ALWAYS_SEARCH_USER_PATHS = NO;
				CLANG_ENABLE_OBJC_ARC = YES;
				COPY_PHASE_STRIP = YES;
				GCC_PRECOMPILE_PREFIX_HEADER = YES;
				GCC_PREFIX_HEADER = "DoubleBass/DoubleBass-Prefix.pch";
				GCC_THUMB_SUPPORT = NO;
				GCC_VERSION = "";
				INFOPLIST_FILE = "DoubleBass/DoubleBass-Info.plist";
				IPHONEOS_DEPLOYMENT_TARGET = 6.0;
				OTHER_LDFLAGS = (
					"-weak_framework",
					CoreFoundation,
					"-weak_framework",
					UIKit,
					"-weak_framework",
					AVFoundation,
					"-weak_framework",
					CoreMedia,
					"-weak-lSystem",
					"-ObjC",
				);
				PRODUCT_NAME = "DoubleBass";
				TARGETED_DEVICE_FAMILY = "1,2";
			};
			name = Release;
		};
		C01FCF4F08A954540054247B /* Debug */ = {
			isa = XCBuildConfiguration;
			buildSettings = {
				CLANG_ENABLE_OBJC_ARC = YES;
				CLANG_WARN_BOOL_CONVERSION = YES;
				CLANG_WARN_CONSTANT_CONVERSION = YES;
				CLANG_WARN_EMPTY_BODY = YES;
				CLANG_WARN_ENUM_CONVERSION = YES;
				CLANG_WARN_INT_CONVERSION = YES;
				CLANG_WARN__DUPLICATE_METHOD_MATCH = YES;
				"CODE_SIGN_IDENTITY[sdk=iphoneos*]" = "iPhone Developer";
				GCC_C_LANGUAGE_STANDARD = c99;
				GCC_THUMB_SUPPORT = NO;
				GCC_VERSION = "";
				GCC_WARN_ABOUT_RETURN_TYPE = YES;
				GCC_WARN_UNDECLARED_SELECTOR = YES;
				GCC_WARN_UNINITIALIZED_AUTOS = YES;
				GCC_WARN_UNUSED_FUNCTION = YES;
				GCC_WARN_UNUSED_VARIABLE = YES;
				HEADER_SEARCH_PATHS = (
					"\"$(TARGET_BUILD_DIR)/usr/local/lib/include\"",
					"\"$(OBJROOT)/UninstalledProducts/include\"",
					"\"$(BUILT_PRODUCTS_DIR)\"",
				);
				IPHONEOS_DEPLOYMENT_TARGET = 6.0;
				ONLY_ACTIVE_ARCH = YES;
				OTHER_LDFLAGS = (
					"-weak_framework",
					CoreFoundation,
					"-weak_framework",
					UIKit,
					"-weak_framework",
					AVFoundation,
					"-weak_framework",
					CoreMedia,
					"-weak-lSystem",
					"-ObjC",
				);
				SDKROOT = iphoneos;
				SKIP_INSTALL = NO;
				USER_HEADER_SEARCH_PATHS = "";
			};
			name = Debug;
		};
		C01FCF5008A954540054247B /* Release */ = {
			isa = XCBuildConfiguration;
			buildSettings = {
				CLANG_ENABLE_OBJC_ARC = YES;
				CLANG_WARN_BOOL_CONVERSION = YES;
				CLANG_WARN_CONSTANT_CONVERSION = YES;
				CLANG_WARN_EMPTY_BODY = YES;
				CLANG_WARN_ENUM_CONVERSION = YES;
				CLANG_WARN_INT_CONVERSION = YES;
				CLANG_WARN__DUPLICATE_METHOD_MATCH = YES;
				"CODE_SIGN_IDENTITY[sdk=iphoneos*]" = "iPhone Developer";
				GCC_C_LANGUAGE_STANDARD = c99;
				GCC_THUMB_SUPPORT = NO;
				GCC_VERSION = "";
				GCC_WARN_ABOUT_RETURN_TYPE = YES;
				GCC_WARN_UNDECLARED_SELECTOR = YES;
				GCC_WARN_UNINITIALIZED_AUTOS = YES;
				GCC_WARN_UNUSED_FUNCTION = YES;
				GCC_WARN_UNUSED_VARIABLE = YES;
				HEADER_SEARCH_PATHS = (
					"\"$(TARGET_BUILD_DIR)/usr/local/lib/include\"",
					"\"$(OBJROOT)/UninstalledProducts/include\"",
					"\"$(BUILT_PRODUCTS_DIR)\"",
				);
				IPHONEOS_DEPLOYMENT_TARGET = 6.0;
				OTHER_LDFLAGS = (
					"-weak_framework",
					CoreFoundation,
					"-weak_framework",
					UIKit,
					"-weak_framework",
					AVFoundation,
					"-weak_framework",
					CoreMedia,
					"-weak-lSystem",
					"-ObjC",
				);
				SDKROOT = iphoneos;
				SKIP_INSTALL = NO;
				USER_HEADER_SEARCH_PATHS = "";
			};
			name = Release;
		};
/* End XCBuildConfiguration section */

/* Begin XCConfigurationList section */
		1D6058960D05DD3E006BFB54 /* Build configuration list for PBXNativeTarget "DoubleBass" */ = {
			isa = XCConfigurationList;
			buildConfigurations = (
				1D6058940D05DD3E006BFB54 /* Debug */,
				1D6058950D05DD3E006BFB54 /* Release */,
			);
			defaultConfigurationIsVisible = 0;
			defaultConfigurationName = Release;
		};
		C01FCF4E08A954540054247B /* Build configuration list for PBXProject "__CLI__" */ = {
			isa = XCConfigurationList;
			buildConfigurations = (
				C01FCF4F08A954540054247B /* Debug */,
				C01FCF5008A954540054247B /* Release */,
			);
			defaultConfigurationIsVisible = 0;
			defaultConfigurationName = Release;
		};
/* End XCConfigurationList section */
	};
	rootObject = 29B97313FDCFA39411CA2CEA /* Project object */;
}
